#MicroXplorer Configuration settings - do not modify
#Tue Jul 29 10:28:08 CEST 2014
File.Version=4
KeepUserPlacement=true
Mcu.Family=STM32L0
Mcu.IP0=NVIC
Mcu.IP1=RCC
Mcu.IP2=SYS
Mcu.IP3=USART2
Mcu.IPNb=4
Mcu.Name=STM32L053R(6-8)Tx
Mcu.Package=LQFP64
Mcu.Pin0=PC13
Mcu.Pin1=PC14-OSC32_IN
Mcu.Pin2=PC15-OSC32_OUT
Mcu.Pin3=PH0-OSC_IN
Mcu.Pin4=PH1-OSC_OUT
Mcu.Pin5=PA2
Mcu.Pin6=PA3
Mcu.Pin7=PA5
Mcu.Pin8=PA13
Mcu.Pin9=PA14
Mcu.PinsNb=10
Mcu.UserName=STM32L053R8Tx
NVIC.SysTick_IRQn=true\:0\:0
PA13.GPIOParameters=GPIO_Label
PA13.GPIO_Label=TMS
PA13.Locked=true
PA13.Mode=Serial_Wire
PA13.Signal=SYS_SWDIO
PA14.GPIOParameters=GPIO_Label
PA14.GPIO_Label=TCK
PA14.Mode=Serial_Wire
PA14.Signal=SYS_SWCLK
PA2.GPIOParameters=GPIO_Label
PA2.GPIO_Label=USART_TX
PA2.Locked=true
PA2.Mode=Asynchronous
PA2.Signal=USART2_TX
PA3.GPIOParameters=GPIO_Label
PA3.GPIO_Label=USART_RX
PA3.Locked=true
PA3.Mode=Asynchronous
PA3.Signal=USART2_RX
PA5.GPIOParameters=GPIO_Label
PA5.GPIO_Label=LD2 [Green Led]
PA5.Locked=true
PA5.Signal=GPIO_Output
PC13.GPIOParameters=GPIO_Label
PC13.GPIO_Label=B1 [Blue PushButton]
PC13.Locked=true
PC13.Signal=GPXTI13
PC14-OSC32_IN.Locked=true
PC14-OSC32_IN.Mode=LSE-External-Oscillator
PC14-OSC32_IN.Signal=RCC_OSC32_IN
PC15-OSC32_OUT.Locked=true
PC15-OSC32_OUT.Mode=LSE-External-Oscillator
PC15-OSC32_OUT.Signal=RCC_OSC32_OUT
PH0-OSC_IN.Locked=true
PH0-OSC_IN.Signal=RCC_OSC_IN
PH1-OSC_OUT.Locked=true
PH1-OSC_OUT.Signal=RCC_OSC_OUT
RCC.48MEnable-ClockTree=false
RCC.ADCEnable-ClockTree=false
RCC.ClockTypeSysClk-ClockTree=RCC_CLOCKTYPE_SYSCLK
RCC.EnableCSSLSE-ClockTree=false
RCC.EnableHSE-ClockTree=false
RCC.EnableHSELCDDevisor-ClockTree=false
RCC.EnableHSERTCDevisor-ClockTree=false
RCC.EnableLSE-ClockTree=true
RCC.EnableLSERTC-ClockTree=false
RCC.EnbaleCSS-ClockTree=false
RCC.FLatency-AdvancedSettings=FLASH_LATENCY_1
RCC.FamilyName=M
RCC.HSEState-ClockTree=RCC_HSE_OFF
RCC.HSE_VALUE=8000000
RCC.HSI16State-ClockTree=RCC_HSI_OFF
RCC.HSI16_VALUE=16000000
RCC.HSI48State-ClockTree=RCC_HSI48_OFF
RCC.HSI48_VALUE=48000000
RCC.HSI_VALUE=16000000
RCC.I2C1Enable-ClockTree=false
RCC.IPParameters=,OscillatorTypeHSE-ClockTree,RTCEnable-ClockTree,48MEnable-ClockTree,EnableLSE-ClockTree,EnableHSELCDDevisor-ClockTree,FamilyName,USBEnable-ClockTree,LSE_VALUE,RNGEnable-ClockTree,ADCEnable-ClockTree,IWDGEnable-ClockTree,EnableCSSLSE-ClockTree,HSI16State-ClockTree,HSI48State-ClockTree,FLatency-AdvancedSettings,MSI_VALUE,LPTIMEnable-ClockTree,ClockTypeSysClk-ClockTree,HSE_VALUE,EnableLSERTC-ClockTree,USART2Enable-ClockTree,PWR_Regulator_Voltage_Scale-AdvancedSettings,HSI_VALUE,MCOEnable-ClockTree,I2C1Enable-ClockTree,LSIState-ClockTree,HSI16_VALUE,LCDEnable-ClockTree,PLLState-ClockTree,EnbaleCSS-ClockTree,HSEState-ClockTree,LPUARTEnable-ClockTree,LSI_VALUE,OscillatorTypeMSI-ClockTree,USART1Enable-ClockTree,EnableHSE-ClockTree,LSEState-ClockTree,OscillatorTypeLSI-ClockTree,EnableHSERTCDevisor-ClockTree,HSI48_VALUE,RCC_PERIPHCLK_USART2Var-ClockTree
RCC.IWDGEnable-ClockTree=false
RCC.LCDEnable-ClockTree=false
RCC.LPTIMEnable-ClockTree=false
RCC.LPUARTEnable-ClockTree=false
RCC.LSEState-ClockTree=RCC_LSE_ON
RCC.LSE_VALUE=32768
RCC.LSIState-ClockTree=RCC_LSI_OFF
RCC.LSI_VALUE=37000
RCC.MCOEnable-ClockTree=false
RCC.MSI_VALUE=2097000
RCC.OscillatorTypeHSE-ClockTree=
RCC.OscillatorTypeLSI-ClockTree=
RCC.OscillatorTypeMSI-ClockTree=RCC_OSCILLATORTYPE_MSI
RCC.PLLState-ClockTree=RCC_PLL_OFF
RCC.PWR_Regulator_Voltage_Scale-AdvancedSettings=PWR_REGULATOR_VOLTAGE_SCALE3
RCC.RCC_PERIPHCLK_USART2Var-ClockTree=RCC_PERIPHCLK_USART2
RCC.RNGEnable-ClockTree=false
RCC.RTCEnable-ClockTree=false
RCC.USART1Enable-ClockTree=false
RCC.USART2Enable-ClockTree=true
RCC.USBEnable-ClockTree=false
SH.GPXTI13.0=GPIO_EXTI13
SH.GPXTI13.ConfNb=1
USART2.AutoBaudRateEnableParam-Asynchronous=UART_ADVFEATURE_AUTOBAUDRATE_DISABLE
USART2.HwFlowCtl-Asynchronous=UART_HWCONTROL_NONE
USART2.IPParameters=VirtualMode-Asynchronous,AutoBaudRateEnableParam-Asynchronous,HwFlowCtl-Asynchronous
USART2.VirtualMode-Asynchronous=VM_ASYNC
