#MicroXplorer Configuration settings - do not modify
ADC1.Channel-0\#ChannelRegularConversion=ADC_CHANNEL_1
ADC1.IPParameters=Rank-0\#ChannelRegularConversion,Channel-0\#ChannelRegularConversion,SamplingTime-0\#ChannelRegularConversion,OffsetNumber-0\#ChannelRegularConversion,NbrOfConversionFlag,master
ADC1.NbrOfConversionFlag=1
ADC1.OffsetNumber-0\#ChannelRegularConversion=ADC_OFFSET_NONE
ADC1.Rank-0\#ChannelRegularConversion=1
ADC1.SamplingTime-0\#ChannelRegularConversion=ADC_SAMPLETIME_2CYCLES_5
ADC1.master=1
File.Version=6
I2C1.IPParameters=Timing
I2C1.Timing=0x00000E14
I2C2.IPParameters=Timing,Timeout
I2C2.Timeout=0x00008030
I2C2.Timing=0x00000E14
KeepUserPlacement=false
Mcu.Family=STM32L5
Mcu.IP0=ADC1
Mcu.IP1=COMP1
Mcu.IP10=RTC
Mcu.IP11=SAI1
Mcu.IP12=SAI2
Mcu.IP13=SDMMC1
Mcu.IP14=SPI1
Mcu.IP15=SYS
Mcu.IP16=TIM1
Mcu.IP17=TIM2
Mcu.IP18=TIM4
Mcu.IP19=UCPD1
Mcu.IP2=COMP2
Mcu.IP20=USART2
Mcu.IP21=USART3
Mcu.IP22=USB
Mcu.IP3=FDCAN1
Mcu.IP4=I2C1
Mcu.IP5=I2C2
Mcu.IP6=LPUART1
Mcu.IP7=NVIC
Mcu.IP8=OCTOSPI1
Mcu.IP9=RCC
Mcu.IPNb=23
Mcu.Name=STM32L552Z(C-E)TxQ
Mcu.Package=LQFP144
Mcu.Pin0=PE2
Mcu.Pin1=PE3
Mcu.Pin10=PF2
Mcu.Pin11=PF10
Mcu.Pin12=PC0
Mcu.Pin13=PC1
Mcu.Pin14=PC2
Mcu.Pin15=PC3
Mcu.Pin16=PA0
Mcu.Pin17=PA1
Mcu.Pin18=PA2
Mcu.Pin19=PA3
Mcu.Pin2=PE4
Mcu.Pin20=PA4
Mcu.Pin21=PA5
Mcu.Pin22=PA6
Mcu.Pin23=PA7
Mcu.Pin24=PB0
Mcu.Pin25=PB1
Mcu.Pin26=PB2
Mcu.Pin27=PE7
Mcu.Pin28=PE8
Mcu.Pin29=PE10
Mcu.Pin3=PE5
Mcu.Pin30=PE11
Mcu.Pin31=PE12
Mcu.Pin32=PE13
Mcu.Pin33=PE14
Mcu.Pin34=PE15
Mcu.Pin35=PB10
Mcu.Pin36=PB11
Mcu.Pin37=PB13
Mcu.Pin38=PB14
Mcu.Pin39=PB15
Mcu.Pin4=PE6
Mcu.Pin40=PD8
Mcu.Pin41=PD9
Mcu.Pin42=PD11
Mcu.Pin43=PD12
Mcu.Pin44=PD14
Mcu.Pin45=PD15
Mcu.Pin46=PG7
Mcu.Pin47=PG8
Mcu.Pin48=PC6
Mcu.Pin49=PC8
Mcu.Pin5=PC13
Mcu.Pin50=PC9
Mcu.Pin51=PA8
Mcu.Pin52=PA9
Mcu.Pin53=PA11
Mcu.Pin54=PA12
Mcu.Pin55=PA13 (JTMS/SWDIO)
Mcu.Pin56=PA14 (JTCK/SWCLK)
Mcu.Pin57=PA15 (JTDI)
Mcu.Pin58=PC10
Mcu.Pin59=PC11
Mcu.Pin6=PC14-OSC32_IN (PC14)
Mcu.Pin60=PC12
Mcu.Pin61=PD0
Mcu.Pin62=PD1
Mcu.Pin63=PD2
Mcu.Pin64=PD3
Mcu.Pin65=PD4
Mcu.Pin66=PD5
Mcu.Pin67=PD6
Mcu.Pin68=PD7
Mcu.Pin69=PB3 (JTDO/TRACESWO)
Mcu.Pin7=PC15-OSC32_OUT (PC15)
Mcu.Pin70=PB4 (NJTRST)
Mcu.Pin71=PB5
Mcu.Pin72=PB6
Mcu.Pin73=PB7
Mcu.Pin74=PB8
Mcu.Pin75=PB9
Mcu.Pin76=PE0
Mcu.Pin77=VP_COMP1_VS_VREFINT12
Mcu.Pin78=VP_COMP2_VS_VREFINT
Mcu.Pin79=VP_OCTOSPI1_VS_quad
Mcu.Pin8=PF0
Mcu.Pin80=VP_RTC_VS_RTC_Activate
Mcu.Pin81=VP_SYS_VS_Systick
Mcu.Pin9=PF1
Mcu.PinsNb=82
Mcu.ThirdPartyNb=0
Mcu.UserConstants=
Mcu.UserName=STM32L552ZETxQ
MxCube.Version=5.4.0
MxDb.Version=DB.5.0.40
NVIC.BusFault_IRQn=true\:0\:0\:false\:false\:true\:false
NVIC.DebugMonitor_IRQn=true\:0\:0\:false\:false\:true\:false
NVIC.HardFault_IRQn=true\:0\:0\:false\:false\:true\:false
NVIC.MemoryManagement_IRQn=true\:0\:0\:false\:false\:true\:false
NVIC.NonMaskableInt_IRQn=true\:0\:0\:false\:false\:true\:false
NVIC.PendSV_IRQn=true\:0\:0\:false\:false\:true\:false
NVIC.PriorityGroup=NVIC_PRIORITYGROUP_4
NVIC.SVCall_IRQn=true\:0\:0\:false\:false\:true\:false
NVIC.SecureFault_IRQn=true\:0\:0\:false\:false\:true\:false
NVIC.SysTick_IRQn=true\:0\:0\:false\:false\:true\:false
NVIC.UsageFault_IRQn=true\:0\:0\:false\:false\:true\:false
PA0.Locked=true
PA0.Signal=S_TIM2_CH1
PA1.Locked=true
PA1.Signal=ADCx_IN6
PA11.Locked=true
PA11.Mode=Device
PA11.Signal=USB_DM
PA12.Mode=Device
PA12.Signal=USB_DP
PA13\ (JTMS/SWDIO).Locked=true
PA13\ (JTMS/SWDIO).Mode=Serial_Wire
PA13\ (JTMS/SWDIO).Signal=SYS_JTMS-SWDIO
PA14\ (JTCK/SWCLK).Locked=true
PA14\ (JTCK/SWCLK).Mode=Serial_Wire
PA14\ (JTCK/SWCLK).Signal=SYS_JTCK-SWCLK
PA15\ (JTDI).Locked=true
PA15\ (JTDI).Mode=CC1
PA15\ (JTDI).Signal=UCPD1_CC1
PA2.Locked=true
PA2.Mode=OCTOSPI1_Port1_NCS
PA2.Signal=OCTOSPIM_P1_NCS
PA3.Locked=true
PA3.Signal=ADCx_IN8
PA4.Locked=true
PA4.Mode=SAI_B_MasterWithClock
PA4.Signal=SAI1_FS_B
PA5.Locked=true
PA5.Mode=Full_Duplex_Master
PA5.Signal=SPI1_SCK
PA6.Locked=true
PA6.Mode=Full_Duplex_Master
PA6.Signal=SPI1_MISO
PA7.Locked=true
PA7.Mode=Full_Duplex_Master
PA7.Signal=SPI1_MOSI
PA8.Locked=true
PA8.Signal=S_TIM1_CH1
PA9.GPIOParameters=GPIO_Label
PA9.GPIO_Label=LED_RED
PA9.Locked=true
PA9.Signal=GPIO_Output
PB0.Locked=true
PB0.Mode=OCTOSPI1_IOL_Port1L2
PB0.Signal=OCTOSPIM_P1_IO1
PB1.Locked=true
PB1.Signal=ADCx_IN16
PB10.Locked=true
PB10.Signal=S_TIM2_CH3
PB11.Locked=true
PB11.Signal=S_TIM2_CH4
PB13.Locked=true
PB13.Mode=SAI_A_MasterWithClock
PB13.Signal=SAI2_SCK_A
PB14.Locked=true
PB14.Mode=DBCC2
PB14.Signal=UCPD1_DBCC2
PB15.Locked=true
PB15.Mode=CC2
PB15.Signal=UCPD1_CC2
PB2.Locked=true
PB2.Mode=INP
PB2.Signal=COMP1_INP
PB3\ (JTDO/TRACESWO).Locked=true
PB3\ (JTDO/TRACESWO).Mode=SAI_B_MasterWithClock
PB3\ (JTDO/TRACESWO).Signal=SAI1_SCK_B
PB4\ (NJTRST).Locked=true
PB4\ (NJTRST).Mode=SAI_B_MasterWithClock
PB4\ (NJTRST).Signal=SAI1_MCLK_B
PB5.Locked=true
PB5.Mode=DBCC1
PB5.Signal=UCPD1_DBCC1
PB6.Locked=true
PB6.Mode=INP
PB6.Signal=COMP2_INP
PB7.GPIOParameters=GPIO_Label
PB7.GPIO_Label=LED_BLUE
PB7.Locked=true
PB7.Signal=GPIO_Output
PB8.Locked=true
PB8.Mode=I2C
PB8.Signal=I2C1_SCL
PB9.Locked=true
PB9.Mode=I2C
PB9.Signal=I2C1_SDA
PC0.Locked=true
PC0.Signal=ADCx_IN1
PC1.Locked=true
PC1.Signal=ADCx_IN2
PC10.Locked=true
PC10.Mode=SD_4_bits_Wide_bus
PC10.Signal=SDMMC1_D2
PC11.Locked=true
PC11.Mode=SD_4_bits_Wide_bus
PC11.Signal=SDMMC1_D3
PC12.Locked=true
PC12.Mode=SD_4_bits_Wide_bus
PC12.Signal=SDMMC1_CK
PC13.Locked=true
PC13.Mode=SYS_WakeUp1
PC13.Signal=SYS_WKUP2
PC14-OSC32_IN\ (PC14).Locked=true
PC14-OSC32_IN\ (PC14).Mode=LSE-External-Oscillator
PC14-OSC32_IN\ (PC14).Signal=RCC_OSC32_IN
PC15-OSC32_OUT\ (PC15).Locked=true
PC15-OSC32_OUT\ (PC15).Mode=LSE-External-Oscillator
PC15-OSC32_OUT\ (PC15).Signal=RCC_OSC32_OUT
PC2.Locked=true
PC2.Signal=ADCx_IN3
PC3.Locked=true
PC3.Signal=ADCx_IN4
PC6.Locked=true
PC6.Mode=SAI_A_MasterWithClock
PC6.Signal=SAI2_MCLK_A
PC8.Locked=true
PC8.Mode=SD_4_bits_Wide_bus
PC8.Signal=SDMMC1_D0
PC9.Locked=true
PC9.Mode=SD_4_bits_Wide_bus
PC9.Signal=SDMMC1_D1
PD0.Locked=true
PD0.Mode=FDCANFD
PD0.Signal=FDCAN1_RX
PD1.Locked=true
PD1.Mode=FDCANFD
PD1.Signal=FDCAN1_TX
PD11.Locked=true
PD11.Mode=SAI_A_MasterWithClock
PD11.Signal=SAI2_SD_A
PD12.Locked=true
PD12.Mode=SAI_A_MasterWithClock
PD12.Signal=SAI2_FS_A
PD14.GPIOParameters=GPIO_Label
PD14.GPIO_Label=SPI_CSN
PD14.Locked=true
PD14.Signal=GPIO_Output
PD15.Locked=true
PD15.Signal=S_TIM4_CH4
PD2.Locked=true
PD2.Mode=SD_4_bits_Wide_bus
PD2.Signal=SDMMC1_CMD
PD3.Locked=true
PD3.Mode=CTS_RTS
PD3.Signal=USART2_CTS_NSS
PD4.Locked=true
PD4.Mode=CTS_RTS
PD4.Signal=USART2_RTS
PD5.Locked=true
PD5.Mode=Asynchronous
PD5.Signal=USART2_TX
PD6.Locked=true
PD6.Mode=Asynchronous
PD6.Signal=USART2_RX
PD7.Locked=true
PD7.Signal=USART2_CK
PD8.Locked=true
PD8.Mode=Asynchronous
PD8.Signal=USART3_TX
PD9.Locked=true
PD9.Mode=Asynchronous
PD9.Signal=USART3_RX
PE0.Locked=true
PE0.Signal=S_TIM4_ETR
PE10.Locked=true
PE10.Signal=TIM1_CH2N
PE11.Locked=true
PE11.Signal=S_TIM1_CH2
PE12.Locked=true
PE12.Mode=OCTOSPI1_IOL_Port1L2
PE12.Signal=OCTOSPIM_P1_IO0
PE13.Locked=true
PE13.Signal=S_TIM1_CH3
PE14.Locked=true
PE14.Mode=OCTOSPI1_IOL_Port1L2
PE14.Signal=OCTOSPIM_P1_IO2
PE15.Locked=true
PE15.Mode=OCTOSPI1_IOL_Port1L2
PE15.Signal=OCTOSPIM_P1_IO3
PE2.Locked=true
PE2.Mode=SAI_A_MasterWithClock
PE2.Signal=SAI1_MCLK_A
PE3.Locked=true
PE3.Mode=SAI_B_MasterWithClock
PE3.Signal=SAI1_SD_B
PE4.Locked=true
PE4.Mode=SAI_A_MasterWithClock
PE4.Signal=SAI1_FS_A
PE5.Locked=true
PE5.Mode=SAI_A_MasterWithClock
PE5.Signal=SAI1_SCK_A
PE6.Locked=true
PE6.Mode=SAI_A_MasterWithClock
PE6.Signal=SAI1_SD_A
PE7.Locked=true
PE7.Signal=S_TIM1_ETR
PE8.Locked=true
PE8.Signal=TIM1_CH1N
PF0.Locked=true
PF0.Mode=SMBus-Alert-mode
PF0.Signal=I2C2_SDA
PF1.Locked=true
PF1.Mode=SMBus-Alert-mode
PF1.Signal=I2C2_SCL
PF10.Mode=OCTOSPI1_Port1_CLK
PF10.Signal=OCTOSPIM_P1_CLK
PF2.Locked=true
PF2.Mode=SMBus-Alert-mode
PF2.Signal=I2C2_SMBA
PG7.Locked=true
PG7.Mode=Asynchronous
PG7.Signal=LPUART1_TX
PG8.Locked=true
PG8.Mode=Asynchronous
PG8.Signal=LPUART1_RX
PinOutPanel.RotationAngle=0
RCC.ADCFreq_Value=48000000
RCC.CRSFreq_Value=48000000
RCC.FDCANFreq_Value=32000000
RCC.FamilyName=M
RCC.HSE_VALUE=8000000
RCC.HSI48_VALUE=48000000
RCC.HSI_VALUE=16000000
RCC.IPParameters=ADCFreq_Value,CRSFreq_Value,FDCANFreq_Value,FamilyName,HSE_VALUE,HSI48_VALUE,HSI_VALUE,LSCOPinFreq_Value,LSI_VALUE,MSI_VALUE,PLLN,PLLPoutputFreq_Value,PLLQoutputFreq_Value,PLLRCLKFreq_Value,PLLSAI1N,PLLSAI1PoutputFreq_Value,PLLSAI1QoutputFreq_Value,PLLSAI1RoutputFreq_Value,PLLSAI2PoutputFreq_Value,RNGFreq_Value,RTCClockSelection,RTCFreq_Value,SAI1Freq_Value,SAI2Freq_Value,SDMMCFreq_Value,USBFreq_Value,VCOInput2Freq_Value,VCOInput3Freq_Value,VCOInputFreq_Value,VCOOutputFreq_Value,VCOSAI1OutputFreq_Value,VCOSAI2OutputFreq_Value
RCC.LSCOPinFreq_Value=32000
RCC.LSI_VALUE=32000
RCC.MSI_VALUE=4000000
RCC.PLLN=16
RCC.PLLPoutputFreq_Value=32000000
RCC.PLLQoutputFreq_Value=32000000
RCC.PLLRCLKFreq_Value=32000000
RCC.PLLSAI1N=24
RCC.PLLSAI1PoutputFreq_Value=48000000
RCC.PLLSAI1QoutputFreq_Value=48000000
RCC.PLLSAI1RoutputFreq_Value=48000000
RCC.PLLSAI2PoutputFreq_Value=16000000
RCC.RNGFreq_Value=48000000
RCC.RTCClockSelection=RCC_RTCCLKSOURCE_LSE
RCC.RTCFreq_Value=32768
RCC.SAI1Freq_Value=48000000
RCC.SAI2Freq_Value=48000000
RCC.SDMMCFreq_Value=32000000
RCC.USBFreq_Value=48000000
RCC.VCOInput2Freq_Value=4000000
RCC.VCOInput3Freq_Value=4000000
RCC.VCOInputFreq_Value=4000000
RCC.VCOOutputFreq_Value=64000000
RCC.VCOSAI1OutputFreq_Value=96000000
RCC.VCOSAI2OutputFreq_Value=32000000
SAI1.ErrorAudioFreq-SAI_A_MasterWithClock=-2.34 %
SAI1.ErrorAudioFreq-SAI_B_MasterWithClock=-2.34 %
SAI1.IPParameters=Instance-SAI_A_MasterWithClock,VirtualMode-SAI_A_MasterWithClock,Synchro-SAI_A_MasterWithClock,MClockEnable-SAI_A_MasterWithClock,RealAudioFreq-SAI_A_MasterWithClock,ErrorAudioFreq-SAI_A_MasterWithClock,Instance-SAI_B_MasterWithClock,VirtualMode-SAI_B_MasterWithClock,Synchro-SAI_B_MasterWithClock,MClockEnable-SAI_B_MasterWithClock,RealAudioFreq-SAI_B_MasterWithClock,ErrorAudioFreq-SAI_B_MasterWithClock
SAI1.Instance-SAI_A_MasterWithClock=SAI$Index_Block_A
SAI1.Instance-SAI_B_MasterWithClock=SAI$Index_Block_B
SAI1.MClockEnable-SAI_A_MasterWithClock=SAI_MASTERCLOCK_ENABLE
SAI1.MClockEnable-SAI_B_MasterWithClock=SAI_MASTERCLOCK_ENABLE
SAI1.RealAudioFreq-SAI_A_MasterWithClock=187.5 KHz
SAI1.RealAudioFreq-SAI_B_MasterWithClock=187.5 KHz
SAI1.Synchro-SAI_A_MasterWithClock=SAI_ASYNCHRONOUS
SAI1.Synchro-SAI_B_MasterWithClock=SAI_ASYNCHRONOUS
SAI1.VirtualMode-SAI_A_MasterWithClock=VM_MASTER
SAI1.VirtualMode-SAI_B_MasterWithClock=VM_MASTER
SAI2.ErrorAudioFreq-SAI_A_MasterWithClock=-2.34 %
SAI2.IPParameters=Instance-SAI_A_MasterWithClock,VirtualMode-SAI_A_MasterWithClock,Synchro-SAI_A_MasterWithClock,MClockEnable-SAI_A_MasterWithClock,RealAudioFreq-SAI_A_MasterWithClock,ErrorAudioFreq-SAI_A_MasterWithClock
SAI2.Instance-SAI_A_MasterWithClock=SAI$Index_Block_A
SAI2.MClockEnable-SAI_A_MasterWithClock=SAI_MASTERCLOCK_ENABLE
SAI2.RealAudioFreq-SAI_A_MasterWithClock=187.5 KHz
SAI2.Synchro-SAI_A_MasterWithClock=SAI_ASYNCHRONOUS
SAI2.VirtualMode-SAI_A_MasterWithClock=VM_MASTER
SH.ADCx_IN1.0=ADC1_IN1,IN1-Single-Ended
SH.ADCx_IN1.ConfNb=1
SH.ADCx_IN16.0=ADC1_IN16,IN16-Single-Ended
SH.ADCx_IN16.ConfNb=1
SH.ADCx_IN2.0=ADC1_IN2,IN2-Single-Ended
SH.ADCx_IN2.ConfNb=1
SH.ADCx_IN3.0=ADC1_IN3,IN3-Single-Ended
SH.ADCx_IN3.ConfNb=1
SH.ADCx_IN4.0=ADC1_IN4,IN4-Single-Ended
SH.ADCx_IN4.ConfNb=1
SH.ADCx_IN6.0=ADC1_IN6,IN6-Single-Ended
SH.ADCx_IN6.ConfNb=1
SH.ADCx_IN8.0=ADC1_IN8,IN8-Single-Ended
SH.ADCx_IN8.ConfNb=1
SH.S_TIM1_CH1.0=TIM1_CH1,Xored_Inputs_Hall_Sensor_Interface
SH.S_TIM1_CH1.ConfNb=1
SH.S_TIM1_CH2.0=TIM1_CH2,Xored_Inputs_Hall_Sensor_Interface
SH.S_TIM1_CH2.ConfNb=1
SH.S_TIM1_CH3.0=TIM1_CH3,Xored_Inputs_Hall_Sensor_Interface
SH.S_TIM1_CH3.ConfNb=1
SH.S_TIM1_ETR.0=TIM1_ETR,ClockSourceETR_Mode2
SH.S_TIM1_ETR.ConfNb=1
SH.S_TIM2_CH1.0=TIM2_CH1,Input_Capture1_from_TI1
SH.S_TIM2_CH1.ConfNb=1
SH.S_TIM2_CH3.0=TIM2_CH3,Input_Capture3_from_TI3
SH.S_TIM2_CH3.ConfNb=1
SH.S_TIM2_CH4.0=TIM2_CH4,Input_Capture4_from_TI4
SH.S_TIM2_CH4.ConfNb=1
SH.S_TIM4_CH4.0=TIM4_CH4,Input_Capture4_from_TI4
SH.S_TIM4_CH4.ConfNb=1
SH.S_TIM4_ETR.0=TIM4_ETR
SH.S_TIM4_ETR.ConfNb=1
SPI1.CalculateBaudRate=2.0 MBits/s
SPI1.Direction=SPI_DIRECTION_2LINES
SPI1.IPParameters=VirtualType,Mode,Direction,CalculateBaudRate
SPI1.Mode=SPI_MODE_MASTER
SPI1.VirtualType=VM_MASTER
TIM2.Channel-Input_Capture1_from_TI1=TIM_CHANNEL_1
TIM2.Channel-Input_Capture3_from_TI3=TIM_CHANNEL_3
TIM2.Channel-Input_Capture4_from_TI4=TIM_CHANNEL_4
TIM2.IPParameters=Channel-Input_Capture1_from_TI1,Channel-Input_Capture3_from_TI3,Channel-Input_Capture4_from_TI4
TIM4.Channel-Input_Capture4_from_TI4=TIM_CHANNEL_4
TIM4.IPParameters=Channel-Input_Capture4_from_TI4
USART2.IPParameters=VirtualMode-Asynchronous
USART2.VirtualMode-Asynchronous=VM_ASYNC
USART3.IPParameters=VirtualMode-Asynchronous
USART3.VirtualMode-Asynchronous=VM_ASYNC
VP_COMP1_VS_VREFINT12.Mode=VREFINT_12
VP_COMP1_VS_VREFINT12.Signal=COMP1_VS_VREFINT12
VP_COMP2_VS_VREFINT.Mode=VREFINT
VP_COMP2_VS_VREFINT.Signal=COMP2_VS_VREFINT
VP_OCTOSPI1_VS_quad.Mode=quad_mode
VP_OCTOSPI1_VS_quad.Signal=OCTOSPI1_VS_quad
VP_RTC_VS_RTC_Activate.Mode=RTC_Enabled
VP_RTC_VS_RTC_Activate.Signal=RTC_VS_RTC_Activate
VP_SYS_VS_Systick.Mode=SysTick
VP_SYS_VS_Systick.Signal=SYS_VS_Systick
board=NUCLEO-L552ZE-Q
boardIOC=true
