#MicroXplorer Configuration settings - do not modify
#Tue Sep 09 14:40:22 CEST 2014
ADC1.Channel-0\#ChannelRegularConversion=ADC_CHANNEL_2
ADC1.Channel-IN11-Single-Ended=ADC_CHANNEL_11
ADC1.IPParameters=Rank-0\#ChannelRegularConversion,Channel-IN11-Single-Ended,SamplingTime-0\#ChannelRegularConversion,OffsetNumber-0\#ChannelRegularConversion,Offset-0\#ChannelRegularConversion,Channel-0\#ChannelRegularConversion,NbrOfConversionFlag
ADC1.NbrOfConversionFlag=1
ADC1.Offset-0\#ChannelRegularConversion=0
ADC1.OffsetNumber-0\#ChannelRegularConversion=ADC_OFFSET_NONE
ADC1.Rank-0\#ChannelRegularConversion=1
ADC1.SamplingTime-0\#ChannelRegularConversion=ADC_SAMPLETIME_1CYCLE_5
File.Version=4
HRTIM1.CalibrationRate_IT-Output_TC1=__NULL
HRTIM1.CalibrationRate_nonIT-Output_TC1=__NULL
HRTIM1.DMARequests_Semaphore-Output_TC1=ATLEASTONEDMAREQ
HRTIM1.IPParameters=DMARequests_Semaphore-Output_TC1,CalibrationRate_IT-Output_TC1,TimerIdx-Output_TC1,CalibrationRate_nonIT-Output_TC1,Output1-Output_TC1
HRTIM1.Output1-Output_TC1=HRTIM_OUTPUT_TC1
HRTIM1.TimerIdx-Output_TC1=HRTIM_TIMERINDEX_TIMER_C
KeepUserPlacement=true
Mcu.Family=STM32F3
Mcu.IP0=ADC1
Mcu.IP1=HRTIM1
Mcu.IP2=NVIC
Mcu.IP3=RCC
Mcu.IP4=SYS
Mcu.IPNb=5
Mcu.Name=STM32F334C(4-6-8)Tx
Mcu.Package=LQFP48
Mcu.Pin0=PF0 / OSC_IN
Mcu.Pin1=PF1 / OSC_OUT
Mcu.Pin10=PA10
Mcu.Pin11=PA11
Mcu.Pin12=PA13
Mcu.Pin13=PA14
Mcu.Pin14=PB6
Mcu.Pin15=PB7
Mcu.Pin16=PB8
Mcu.Pin17=PB9
Mcu.Pin2=PA0
Mcu.Pin3=PA1
Mcu.Pin4=PA3
Mcu.Pin5=PB0
Mcu.Pin6=PB12
Mcu.Pin7=PB14
Mcu.Pin8=PA8
Mcu.Pin9=PA9
Mcu.PinsNb=18
Mcu.UserName=STM32F334C8Tx
NVIC.PriorityGroup=NVIC_PRIORITYGROUP_0
NVIC.SysTick_IRQn=true\:0\:0
PA0.GPIOParameters=GPIO_Label
PA0.GPIO_Label=B1 [Blue PushButton]
PA0.Locked=true
PA0.Signal=GPXTI0
PA1.GPIOParameters=GPIO_Label
PA1.GPIO_Label=Vin_Sense [Buck/Boost Converter]
PA1.Locked=true
PA1.Signal=ADC1_IN2
PA10.GPIOParameters=GPIO_Label
PA10.GPIO_Label=N2_Drive [Buck/Boost Converter]
PA10.Locked=true
PA10.Signal=HRTIM1_CHB1
PA11.GPIOParameters=GPIO_Label
PA11.GPIO_Label=P2_Drive [Buck/Boost Converter]
PA11.Locked=true
PA11.Signal=HRTIM1_CHB2
PA13.GPIOParameters=GPIO_Label
PA13.GPIO_Label=SWDIO
PA13.Locked=true
PA13.Mode=Serial-Wire
PA13.Signal=SYS_JTMS-SWDIO
PA14.GPIOParameters=GPIO_Label
PA14.GPIO_Label=SWCLK
PA14.Locked=true
PA14.Mode=Serial-Wire
PA14.Signal=SYS_JTCK-SWCLK
PA3.GPIOParameters=GPIO_Label
PA3.GPIO_Label=Vout_Sense [Buck/Boost Converter]
PA3.Locked=true
PA3.Signal=ADC1_IN4
PA8.GPIOParameters=GPIO_Label
PA8.GPIO_Label=P1_Drive [Buck/Boost Converter]
PA8.Locked=true
PA8.Signal=HRTIM1_CHA1
PA9.GPIOParameters=GPIO_Label
PA9.GPIO_Label=N1_Drive [Buck/Boost Converter]
PA9.Locked=true
PA9.Signal=HRTIM1_CHA2
PB0.GPIOParameters=GPIO_Label
PB0.GPIO_Label=BK_Sense [Led Buck Converter]
PB0.Locked=true
PB0.Mode=IN11-Single-Ended
PB0.Signal=ADC1_IN11
PB12.GPIOParameters=GPIO_Label
PB12.GPIO_Label=BK_Drive [Led Buck Converter]
PB12.Locked=true
PB12.Mode=Output_TC1
PB12.Signal=HRTIM1_CHC1
PB14.GPIOParameters=GPIO_Label
PB14.GPIO_Label=RC [Buck/Boost Converter]
PB14.Locked=true
PB14.Signal=ADC2_IN14
PB6.GPIOParameters=GPIO_Label
PB6.GPIO_Label=LD_U [LD3 Red Led]
PB6.Locked=true
PB6.Signal=GPIO_Output
PB7.GPIOParameters=GPIO_Label
PB7.GPIO_Label=LD_D [LD6 Blue Led]
PB7.Locked=true
PB7.Signal=GPIO_Output
PB8.GPIOParameters=GPIO_Label
PB8.GPIO_Label=LD_L [LD4 Orange Led]
PB8.Locked=true
PB8.Signal=GPIO_Output
PB9.GPIOParameters=GPIO_Label
PB9.GPIO_Label=LD_R [LD5 Green Led]
PB9.Locked=true
PB9.Signal=GPIO_Output
PF0\ /\ OSC_IN.GPIOParameters=GPIO_Label
PF0\ /\ OSC_IN.GPIO_Label=PF0-OSC_IN
PF0\ /\ OSC_IN.Locked=true
PF0\ /\ OSC_IN.Mode=HSE-External-Clock-Source
PF0\ /\ OSC_IN.Signal=RCC_OSC_IN
PF1\ /\ OSC_OUT.GPIOParameters=GPIO_Label
PF1\ /\ OSC_OUT.GPIO_Label=PF1_OSC_OUT
PF1\ /\ OSC_OUT.Locked=true
PF1\ /\ OSC_OUT.Signal=RCC_OSC_OUT
RCC.ADC12outputFreq_Value=36000000
RCC.ADC1Enable-ClockTree=true
RCC.ADC2Enable-ClockTree=false
RCC.ADC3Enable-ClockTree=false
RCC.ADC4Enable-ClockTree=false
RCC.AHBFreq_Value=8000000
RCC.APB1CLKDivider=RCC_HCLK_DIV2
RCC.APB1Freq_Value=4000000
RCC.APB1TimFreq_Value=8000000
RCC.APB2Freq_Value=8000000
RCC.APB2TimFreq_Value=8000000
RCC.ClockTypePCLK1-ClockTree=RCC_CLOCKTYPE_PCLK1
RCC.CortexFreq_Value=1000000
RCC.EnableHSE-ClockTree=true
RCC.EnableHSERTCDevisor-ClockTree=false
RCC.EnableHSIRTCDevisor-ClockTree=false
RCC.EnableLSE-ClockTree=false
RCC.EnableLSERTC-ClockTree=false
RCC.EnableMCOMultDivisor-ClockTree=false
RCC.FCLKCortexFreq_Value=8000000
RCC.FLITFCLKFEnable-ClockTree=false
RCC.FLatency-AdvancedSettings=FLASH_LATENCY_0
RCC.FamilyName=M
RCC.HCLKFreq_Value=8000000
RCC.HRTIMEnable-ClockTree=true
RCC.HRTIMFreq_Value=8000000
RCC.HSEPLLFreq_Value=8000000
RCC.HSEState-ClockTree=RCC_HSE_BYPASS
RCC.HSE_VALUE=8000000
RCC.HSIPLLFreq_Value=4000000
RCC.HSIState-ClockTree=RCC_HSI_ON
RCC.HSI_VALUE=8000000
RCC.I2C1Enable-ClockTree=false
RCC.I2C1Freq_Value=8000000
RCC.I2C2Enable-ClockTree=false
RCC.I2C3Enable-ClockTree=false
RCC.I2SEnable-ClockTree=false
RCC.IPParameters=EnableHSIRTCDevisor-ClockTree,RTCEnable-ClockTree,HCLKFreq_Value,OscillatorTypeHSE-ClockTree,SYSCLKFreq_VALUE,EnableLSE-ClockTree,I2C2Enable-ClockTree,PLLCLKFreq_Value,FamilyName,USBEnable-ClockTree,RTCHSEDivFreq_Value,TIM1Freq_Value,LSE_VALUE,RTCFreq_Value,PLLMCOFreq_Value,I2SEnable-ClockTree,SYSCLKSource,IWDGEnable-ClockTree,USART3Enable-ClockTree,Tim17Enable-ClockTree,Tim1Enable-ClockTree,CortexFreq_Value,I2C3Enable-ClockTree,UART4Enable-ClockTree,FCLKCortexFreq_Value,APB1CLKDivider,ClockTypePCLK1-ClockTree,APB2Freq_Value,FLatency-AdvancedSettings,ADC3Enable-ClockTree,TIM2Freq_Value,HSEPLLFreq_Value,EnableLSERTC-ClockTree,APB2TimFreq_Value,HSE_VALUE,PLLMUL,UART5Enable-ClockTree,ADC1Enable-ClockTree,USART2Enable-ClockTree,MCOFreq_Value,VCOOutput2Freq_Value,HSI_VALUE,Tim8Enable-ClockTree,USART2Freq_Value,MCOEnable-ClockTree,OscillatorTypeHSI-ClockTree,EnableMCOMultDivisor-ClockTree,I2C1Enable-ClockTree,HSIState-ClockTree,LSIState-ClockTree,ADC4Enable-ClockTree,HRTIMEnable-ClockTree,PLLSource,Tim15Enable-ClockTree,Tim16Enable-ClockTree,PLLState-ClockTree,USART1Freq_Value,APB1TimFreq_Value,ADC12outputFreq_Value,APB1Freq_Value,HSIPLLFreq_Value,FLITFCLKFEnable-ClockTree,I2C1Freq_Value,HSEState-ClockTree,USART1Enable-ClockTree,AHBFreq_Value,LSI_VALUE,EnableHSE-ClockTree,ADC2Enable-ClockTree,OscillatorTypeLSI-ClockTree,EnableHSERTCDevisor-ClockTree,USART3Freq_Value,HRTIMFreq_Value
RCC.IWDGEnable-ClockTree=false
RCC.LSE_VALUE=32768
RCC.LSIState-ClockTree=RCC_LSI_OFF
RCC.LSI_VALUE=40000
RCC.MCOEnable-ClockTree=false
RCC.MCOFreq_Value=8000000
RCC.OscillatorTypeHSE-ClockTree=RCC_OSCILLATORTYPE_HSE
RCC.OscillatorTypeHSI-ClockTree=RCC_OSCILLATORTYPE_HSI
RCC.OscillatorTypeLSI-ClockTree=
RCC.PLLCLKFreq_Value=36000000
RCC.PLLMCOFreq_Value=36000000
RCC.PLLMUL=RCC_PLL_MUL9
RCC.PLLSource=RCC_PLLSOURCE_HSE
RCC.PLLState-ClockTree=RCC_PLL_ON
RCC.RTCEnable-ClockTree=false
RCC.RTCFreq_Value=40000
RCC.RTCHSEDivFreq_Value=250000
RCC.SYSCLKFreq_VALUE=8000000
RCC.SYSCLKSource=RCC_SYSCLKSOURCE_PLLCLK
RCC.TIM1Freq_Value=8000000
RCC.TIM2Freq_Value=8000000
RCC.Tim15Enable-ClockTree=false
RCC.Tim16Enable-ClockTree=false
RCC.Tim17Enable-ClockTree=false
RCC.Tim1Enable-ClockTree=false
RCC.Tim8Enable-ClockTree=false
RCC.UART4Enable-ClockTree=false
RCC.UART5Enable-ClockTree=false
RCC.USART1Enable-ClockTree=false
RCC.USART1Freq_Value=8000000
RCC.USART2Enable-ClockTree=false
RCC.USART2Freq_Value=4000000
RCC.USART3Enable-ClockTree=false
RCC.USART3Freq_Value=4000000
RCC.USBEnable-ClockTree=false
RCC.VCOOutput2Freq_Value=4000000
SH.GPXTI0.0=GPIO_EXTI0
SH.GPXTI0.ConfNb=1
