#MicroXplorer Configuration settings - do not modify
#Mon Aug 04 16:03:36 CEST 2014
File.Version=4
KeepUserPlacement=true
Mcu.Family=STM32L1
Mcu.IP0=NVIC
Mcu.IP1=RCC
Mcu.IP2=SYS
Mcu.IPNb=3
Mcu.Name=STM32L100RCTx
Mcu.Package=LQFP64
Mcu.Pin0=PC14-OSC32_IN
Mcu.Pin1=PC15-OSC32_OUT
Mcu.Pin2=PH0-OSC_IN
Mcu.Pin3=PH1-OSC_OUT
Mcu.Pin4=PA0-WKUP1
Mcu.Pin5=PC8
Mcu.Pin6=PC9
Mcu.Pin7=PA13
Mcu.Pin8=PA14
Mcu.Pin9=PB3
Mcu.PinsNb=10
Mcu.UserName=STM32L100RCTx
NVIC.PriorityGroup=NVIC_PRIORITYGROUP_0
NVIC.SysTick_IRQn=true\:0\:0
PA0-WKUP1.GPIOParameters=GPIO_Label
PA0-WKUP1.GPIO_Label=B1 [Blue PushButton]
PA0-WKUP1.Locked=true
PA0-WKUP1.Signal=GPXTI0
PA13.GPIOParameters=GPIO_Label
PA13.GPIO_Label=SWDIO
PA13.Locked=true
PA13.Mode=Trace-Asynchronous_SW
PA13.Signal=SYS_JTMS-SWDIO
PA14.GPIOParameters=GPIO_Label
PA14.GPIO_Label=SWCLK
PA14.Locked=true
PA14.Mode=Trace-Asynchronous_SW
PA14.Signal=SYS_JTCK-SWCLK
PB3.GPIOParameters=GPIO_Label
PB3.GPIO_Label=SWO
PB3.Locked=true
PB3.Mode=Trace-Asynchronous_SW
PB3.Signal=SYS_JTDO-TRACESWO
PC14-OSC32_IN.GPIOParameters=GPIO_Label
PC14-OSC32_IN.GPIO_Label=PC14-OSC32_IN
PC14-OSC32_IN.Locked=true
PC14-OSC32_IN.Signal=RCC_OSC32_IN
PC15-OSC32_OUT.GPIOParameters=GPIO_Label
PC15-OSC32_OUT.GPIO_Label=PC15-OSC32_OUT
PC15-OSC32_OUT.Locked=true
PC15-OSC32_OUT.Signal=RCC_OSC32_OUT
PC8.GPIOParameters=GPIO_Label
PC8.GPIO_Label=LD4 [Blue Led]
PC8.Locked=true
PC8.Signal=GPIO_Output
PC9.GPIOParameters=GPIO_Label
PC9.GPIO_Label=LD3 [Green Led]
PC9.Locked=true
PC9.Signal=GPIO_Output
PH0-OSC_IN.GPIOParameters=GPIO_Label
PH0-OSC_IN.GPIO_Label=PH0-OSC_IN
PH0-OSC_IN.Locked=true
PH0-OSC_IN.Mode=HSE-External-Clock-Source
PH0-OSC_IN.Signal=RCC_OSC_IN
PH1-OSC_OUT.GPIOParameters=GPIO_Label
PH1-OSC_OUT.GPIO_Label=PH1-OSC_OUT
PH1-OSC_OUT.Locked=true
PH1-OSC_OUT.Signal=RCC_OSC_OUT
RCC.ADCEnable-ClockTree=false
RCC.AHBFreq_Value=2097000
RCC.APB1Freq_Value=2097000
RCC.APB1TimFreq_Value=2097000
RCC.APB2Freq_Value=2097000
RCC.APB2TimFreq_Value=2097000
RCC.EnableCSSLSE-ClockTree=false
RCC.EnableHSE-ClockTree=true
RCC.EnableHSELCDDevisor-ClockTree=false
RCC.EnableHSERTCDevisor-ClockTree=false
RCC.EnableLSE-ClockTree=false
RCC.EnableLSERTC-ClockTree=false
RCC.EnbaleCSS-ClockTree=false
RCC.FCLKCortexFreq_Value=2097000
RCC.FLatency-AdvancedSettings=FLASH_LATENCY_0
RCC.FamilyName=M
RCC.HCLKFreq_Value=2097000
RCC.HSEState-ClockTree=RCC_HSE_BYPASS
RCC.HSE_VALUE=8000000
RCC.HSIState-ClockTree=RCC_HSI_ON
RCC.HSI_VALUE=16000000
RCC.IPParameters=HCLKFreq_Value,OscillatorTypeHSE-ClockTree,RTCEnable-ClockTree,SYSCLKFreq_VALUE,EnableLSE-ClockTree,EnableHSELCDDevisor-ClockTree,PLLCLKFreq_Value,FamilyName,USBEnable-ClockTree,RTCHSEDivFreq_Value,RTCFreq_Value,LSE_VALUE,PLLDIV,IWDGEnable-ClockTree,ADCEnable-ClockTree,LSEState,FCLKCortexFreq_Value,PWRFreq_Value,EnableCSSLSE-ClockTree,PLLSourceVirtual,APB2Freq_Value,FLatency-AdvancedSettings,MSI_VALUE,USBOutput,EnableLSERTC-ClockTree,APB2TimFreq_Value,PLLMUL,HSE_VALUE,TIMFreq_Value,PWR_Regulator_Voltage_Scale-AdvancedSettings,TimerFreq_Value,HSI_VALUE,MCOEnable-ClockTree,OscillatorTypeHSI-ClockTree,HSIState-ClockTree,LSIState-ClockTree,LCDEnable-ClockTree,PLLState-ClockTree,APB1TimFreq_Value,APB1Freq_Value,EnbaleCSS-ClockTree,HSEState-ClockTree,OscillatorTypeMSI-ClockTree,VCOInputFreq_Value,AHBFreq_Value,LSI_VALUE,EnableHSE-ClockTree,LSEState-ClockTree,OscillatorTypeLSI-ClockTree,EnableHSERTCDevisor-ClockTree,VCOOutputFreq_Value,MCOPinFreq_Value
RCC.IWDGEnable-ClockTree=false
RCC.LCDEnable-ClockTree=false
RCC.LSEState=RCC_LSE_ON
RCC.LSEState-ClockTree=RCC_LSE_ON
RCC.LSE_VALUE=32768
RCC.LSIState-ClockTree=RCC_LSI_OFF
RCC.LSI_VALUE=37000
RCC.MCOEnable-ClockTree=false
RCC.MCOPinFreq_Value=2097000
RCC.MSI_VALUE=2097000
RCC.OscillatorTypeHSE-ClockTree=
RCC.OscillatorTypeHSI-ClockTree=RCC_OSCILLATORTYPE_HSI
RCC.OscillatorTypeLSI-ClockTree=
RCC.OscillatorTypeMSI-ClockTree=RCC_OSCILLATORTYPE_MSI
RCC.PLLCLKFreq_Value=32000000
RCC.PLLDIV=RCC_PLL_DIV3
RCC.PLLMUL=RCC_PLL_MUL12
RCC.PLLSourceVirtual=RCC_PLLSOURCE_HSE
RCC.PLLState-ClockTree=RCC_PLL_OFF
RCC.PWRFreq_Value=2097000
RCC.PWR_Regulator_Voltage_Scale-AdvancedSettings=PWR_REGULATOR_VOLTAGE_SCALE3
RCC.RTCEnable-ClockTree=false
RCC.RTCFreq_Value=37000
RCC.RTCHSEDivFreq_Value=4000000
RCC.SYSCLKFreq_VALUE=2097000
RCC.TIMFreq_Value=262125
RCC.TimerFreq_Value=262125
RCC.USBEnable-ClockTree=false
RCC.USBOutput=48000000
RCC.VCOInputFreq_Value=8000000
RCC.VCOOutputFreq_Value=96000000
SH.GPXTI0.0=GPIO_EXTI0
SH.GPXTI0.ConfNb=1
