#MicroXplorer Configuration settings - do not modify
File.Version=6
KeepUserPlacement=false
Mcu.Family=STM32F4
Mcu.IP0=NVIC
Mcu.IP1=RCC
Mcu.IP2=SYS
Mcu.IPNb=3
Mcu.Name=STM32F469A(E-G-I)Yx
Mcu.Package=WLCSP168
Mcu.Pin0=PG12
Mcu.Pin1=PB3
Mcu.Pin10=PC12
Mcu.Pin11=PD2
Mcu.Pin12=PD5
Mcu.Pin13=PB4
Mcu.Pin14=PI5
Mcu.Pin15=PA13
Mcu.Pin16=PA14
Mcu.Pin17=PI4
Mcu.Pin18=PE6
Mcu.Pin19=PI0
Mcu.Pin2=PB7
Mcu.Pin20=PC14/OSC32_IN
Mcu.Pin21=PC15/OSC32_OUT
Mcu.Pin22=PE2
Mcu.Pin23=PG4
Mcu.Pin24=PG3
Mcu.Pin25=PG2
Mcu.Pin26=PF0
Mcu.Pin27=PF2
Mcu.Pin28=PF1
Mcu.Pin29=PF4
Mcu.Pin3=PI3
Mcu.Pin30=PH0/OSC_IN
Mcu.Pin31=PH1/OSC_OUT
Mcu.Pin32=PA2
Mcu.Pin33=PE8
Mcu.Pin34=PE7
Mcu.Pin35=PA3
Mcu.Pin36=VP_SYS_VS_Systick
Mcu.Pin4=PG11
Mcu.Pin5=PB5
Mcu.Pin6=PB8
Mcu.Pin7=PI6
Mcu.Pin8=PE5
Mcu.Pin9=PI1
Mcu.PinsNb=37
Mcu.ThirdPartyNb=0
Mcu.UserConstants=
Mcu.UserName=STM32F469AIYx
MxCube.Version=5.3.0
MxDb.Version=DB.5.0.30
NVIC.BusFault_IRQn=true\:0\:0\:false\:false\:true\:false\:false
NVIC.DebugMonitor_IRQn=true\:0\:0\:false\:false\:true\:false\:false
NVIC.EXTI9_5_IRQn=true\:6\:0\:true\:false\:true\:true\:true
NVIC.HardFault_IRQn=true\:0\:0\:false\:false\:true\:false\:false
NVIC.MemoryManagement_IRQn=true\:0\:0\:false\:false\:true\:false\:false
NVIC.NonMaskableInt_IRQn=true\:0\:0\:false\:false\:true\:false\:false
NVIC.PendSV_IRQn=true\:0\:0\:false\:false\:true\:false\:false
NVIC.PriorityGroup=NVIC_PRIORITYGROUP_4
NVIC.SVCall_IRQn=true\:0\:0\:false\:false\:true\:false\:false
NVIC.SysTick_IRQn=true\:0\:0\:false\:false\:true\:false\:true
NVIC.UsageFault_IRQn=true\:0\:0\:false\:false\:true\:false\:false
PA13.GPIOParameters=GPIO_Label
PA13.GPIO_Label=SWDIO
PA13.Locked=true
PA13.Signal=SYS_JTMS-SWDIO
PA14.GPIOParameters=GPIO_Label
PA14.GPIO_Label=SWCLK
PA14.Locked=true
PA14.Signal=SYS_JTCK-SWCLK
PA2.GPIOParameters=GPIO_Label
PA2.GPIO_Label=IOLINK_COM_TX
PA2.Locked=true
PA2.Signal=USART2_TX
PA3.GPIOParameters=GPIO_Label
PA3.GPIO_Label=IOLINK_COM_RX
PA3.Locked=true
PA3.Signal=USART2_RX
PB3.GPIOParameters=GPIO_PuPd,GPIO_Label
PB3.GPIO_Label=ACC_CK
PB3.GPIO_PuPd=GPIO_PULLUP
PB3.Locked=true
PB3.Signal=SPI1_SCK
PB4.GPIOParameters=GPIO_PuPd,GPIO_Label
PB4.GPIO_Label=ACC_SO
PB4.GPIO_PuPd=GPIO_PULLUP
PB4.Locked=true
PB4.Signal=SPI1_MISO
PB5.GPIOParameters=GPIO_PuPd,GPIO_Label
PB5.GPIO_Label=ACC_SI
PB5.GPIO_PuPd=GPIO_PULLUP
PB5.Locked=true
PB5.Signal=SPI1_MOSI
PB7.GPIOParameters=GPIO_Label
PB7.GPIO_Label=ENV_SD
PB7.Locked=true
PB7.Signal=I2C1_SDA
PB8.GPIOParameters=GPIO_Label
PB8.GPIO_Label=ENV_CK
PB8.Locked=true
PB8.Signal=I2C1_SCL
PC12.GPIOParameters=GPIO_Label
PC12.GPIO_Label=COM_TX
PC12.Locked=true
PC12.Signal=UART5_TX
PC14/OSC32_IN.Locked=true
PC14/OSC32_IN.Signal=RCC_OSC32_IN
PC15/OSC32_OUT.Locked=true
PC15/OSC32_OUT.Signal=RCC_OSC32_OUT
PCC.Checker=false
PCC.Line=STM32F469/479
PCC.MCU=STM32F469A(E-G-I)Yx
PCC.PartNumber=STM32F469AIYx
PCC.Seq0=0
PCC.Series=STM32F4
PCC.Temperature=25
PCC.Vdd=3.3
PD2.GPIOParameters=GPIO_Label
PD2.GPIO_Label=COM_RX
PD2.Locked=true
PD2.Signal=UART5_RX
PD5.GPIOParameters=GPIO_Label
PD5.GPIO_Label=USER_LED
PD5.Locked=true
PD5.Signal=GPIO_Output
PE2.GPIOParameters=GPIO_PuPd,GPIO_Label
PE2.GPIO_Label=MEM_CK
PE2.GPIO_PuPd=GPIO_PULLDOWN
PE2.Locked=true
PE2.Signal=SPI4_SCK
PE5.GPIOParameters=GPIO_Label
PE5.GPIO_Label=MEM_SO
PE5.Locked=true
PE5.Signal=SPI4_MISO
PE6.GPIOParameters=GPIO_Label
PE6.GPIO_Label=MEM_SI
PE6.Locked=true
PE6.Signal=SPI4_MOSI
PE7.GPIOParameters=GPIO_Label,GPIO_ModeDefaultEXTI
PE7.GPIO_Label=IOLINK_EN_DIAG
PE7.GPIO_ModeDefaultEXTI=GPIO_MODE_IT_FALLING
PE7.Locked=true
PE7.Signal=GPXTI7
PE8.GPIOParameters=GPIO_Label,GPIO_ModeDefaultEXTI
PE8.GPIO_Label=IOLINK_OL
PE8.GPIO_ModeDefaultEXTI=GPIO_MODE_IT_FALLING
PE8.Locked=true
PE8.Signal=GPXTI8
PF0.GPIOParameters=GPIO_Label
PF0.GPIO_Label=SMBDATA
PF0.Locked=true
PF0.Signal=I2C2_SDA
PF1.GPIOParameters=GPIO_Label
PF1.GPIO_Label=SMBCLK
PF1.Locked=true
PF1.Signal=I2C2_SCL
PF2.GPIOParameters=GPIO_Label
PF2.GPIO_Label=SMBALERT
PF2.Locked=true
PF2.Signal=GPIO_Input
PF4.GPIOParameters=GPIO_Label
PF4.GPIO_Label=AUX_IO
PF4.Locked=true
PF4.Signal=ADC3_IN14
PG11.GPIOParameters=GPIO_Label
PG11.GPIO_Label=HUM-TEMP_DRDY
PG11.Locked=true
PG11.Signal=GPIO_Input
PG12.GPIOParameters=GPIO_Label
PG12.GPIO_Label=PRESS_DRDY
PG12.Locked=true
PG12.Signal=GPIO_Input
PG2.GPIOParameters=PinState,GPIO_PuPd,GPIO_Label
PG2.GPIO_Label=ACC_CS
PG2.GPIO_PuPd=GPIO_PULLUP
PG2.Locked=true
PG2.PinState=GPIO_PIN_SET
PG2.Signal=GPIO_Output
PG3.GPIOParameters=GPIO_Label
PG3.GPIO_Label=ACC_INT1
PG3.Locked=true
PG3.Signal=GPXTI3
PG4.GPIOParameters=GPIO_Label
PG4.GPIO_Label=ACC_INT2
PG4.Locked=true
PG4.Signal=GPXTI4
PH0/OSC_IN.Locked=true
PH0/OSC_IN.Signal=RCC_OSC_IN
PH1/OSC_OUT.Locked=true
PH1/OSC_OUT.Signal=RCC_OSC_OUT
PI0.Locked=true
PI0.Signal=I2S2_WS
PI1.GPIOParameters=GPIO_Label
PI1.GPIO_Label=MIC_CK
PI1.Locked=true
PI1.Signal=I2S2_CK
PI3.GPIOParameters=GPIO_Label
PI3.GPIO_Label=MIC_SD
PI3.Locked=true
PI3.Signal=I2S2_SD
PI4.GPIOParameters=GPIO_Speed,PinState,GPIO_PuPd,GPIO_Label
PI4.GPIO_Label=MEM_CS
PI4.GPIO_PuPd=GPIO_PULLUP
PI4.GPIO_Speed=GPIO_SPEED_FREQ_HIGH
PI4.Locked=true
PI4.PinState=GPIO_PIN_SET
PI4.Signal=GPIO_Output
PI5.GPIOParameters=GPIO_Speed,GPIO_Label
PI5.GPIO_Label=MEM_HOLD
PI5.GPIO_Speed=GPIO_SPEED_FREQ_HIGH
PI5.Locked=true
PI5.Signal=GPIO_Output
PI6.GPIOParameters=GPIO_Speed,GPIO_Label
PI6.GPIO_Label=MEM_W
PI6.GPIO_Speed=GPIO_SPEED_FREQ_HIGH
PI6.Locked=true
PI6.Signal=GPIO_Output
PinOutPanel.CurrentBGAView=Top
PinOutPanel.RotationAngle=0
RCC.AHBFreq_Value=180000000
RCC.APB1CLKDivider=RCC_HCLK_DIV4
RCC.APB1Freq_Value=45000000
RCC.APB1TimFreq_Value=90000000
RCC.APB2CLKDivider=RCC_HCLK_DIV2
RCC.APB2Freq_Value=90000000
RCC.APB2TimFreq_Value=180000000
RCC.CortexFreq_Value=180000000
RCC.DSIFreq_Value=60000000
RCC.DSITXEscFreq_Value=15000000
RCC.EthernetFreq_Value=180000000
RCC.FCLKCortexFreq_Value=180000000
RCC.FamilyName=M
RCC.HCLKFreq_Value=180000000
RCC.HSE_VALUE=24000000
RCC.I2SFreq_Value=192000000
RCC.IPParameters=AHBFreq_Value,APB1CLKDivider,APB1Freq_Value,APB1TimFreq_Value,APB2CLKDivider,APB2Freq_Value,APB2TimFreq_Value,CortexFreq_Value,DSIFreq_Value,DSITXEscFreq_Value,EthernetFreq_Value,FCLKCortexFreq_Value,FamilyName,HCLKFreq_Value,HSE_VALUE,I2SFreq_Value,LCDTFTFreq_Value,MCO2PinFreq_Value,PLLCLKFreq_Value,PLLDSIFreq_Value,PLLDSIVCOFreq_Value,PLLI2SQCLKFreq_Value,PLLI2SRCLKFreq_Value,PLLM,PLLN,PLLQCLKFreq_Value,PLLRCLKFreq_Value,PLLRFreq_Value,PLLSAIPCLKFreq_Value,PLLSAIQCLKFreq_Value,PLLSAIRCLKFreq_Value,RCC_RTC_Clock_SourceVirtual,RTCFreq_Value,RTCHSEDivFreq_Value,SAIAFreq_Value,SAIBFreq_Value,SDIOFreq_Value,SYSCLKFreq_VALUE,SYSCLKSource,USBFreq_Value,VCOI2SOutputFreq_Value,VCOInputFreq_Value,VCOOutputFreq_Value,VCOSAIOutputFreq_Value
RCC.LCDTFTFreq_Value=96000000
RCC.MCO2PinFreq_Value=180000000
RCC.PLLCLKFreq_Value=180000000
RCC.PLLDSIFreq_Value=480000000
RCC.PLLDSIVCOFreq_Value=960000000
RCC.PLLI2SQCLKFreq_Value=96000000
RCC.PLLI2SRCLKFreq_Value=192000000
RCC.PLLM=8
RCC.PLLN=180
RCC.PLLQCLKFreq_Value=90000000
RCC.PLLRCLKFreq_Value=180000000
RCC.PLLRFreq_Value=180000000
RCC.PLLSAIPCLKFreq_Value=192000000
RCC.PLLSAIQCLKFreq_Value=96000000
RCC.PLLSAIRCLKFreq_Value=192000000
RCC.RCC_RTC_Clock_SourceVirtual=RCC_RTCCLKSOURCE_LSE
RCC.RTCFreq_Value=32768
RCC.RTCHSEDivFreq_Value=12000000
RCC.SAIAFreq_Value=96000000
RCC.SAIBFreq_Value=96000000
RCC.SDIOFreq_Value=90000000
RCC.SYSCLKFreq_VALUE=180000000
RCC.SYSCLKSource=RCC_SYSCLKSOURCE_PLLCLK
RCC.USBFreq_Value=90000000
RCC.VCOI2SOutputFreq_Value=384000000
RCC.VCOInputFreq_Value=2000000
RCC.VCOOutputFreq_Value=360000000
RCC.VCOSAIOutputFreq_Value=384000000
SH.GPXTI3.0=GPIO_EXTI3
SH.GPXTI3.ConfNb=1
SH.GPXTI4.0=GPIO_EXTI4
SH.GPXTI4.ConfNb=1
SH.GPXTI7.0=GPIO_EXTI7
SH.GPXTI7.ConfNb=1
SH.GPXTI8.0=GPIO_EXTI8
SH.GPXTI8.ConfNb=1
VP_SYS_VS_Systick.Mode=SysTick
VP_SYS_VS_Systick.Signal=SYS_VS_Systick
board=STEVAL-IDP005V1
boardIOC=true
