#MicroXplorer Configuration settings - do not modify
CAD.formats=
CAD.pinconfig=
CAD.provider=
File.Version=6
GPIO.groupedBy=Group By Peripherals
KeepUserPlacement=false
Mcu.CPN=STM32L4P5CGU6
Mcu.Family=STM32L4
Mcu.IP0=NVIC
Mcu.IP1=RCC
Mcu.IP2=SYS
Mcu.IPNb=3
Mcu.Name=STM32L4P5C(G-E)Ux
Mcu.Package=UFQFPN48
Mcu.Pin0=PA5
Mcu.Pin1=PA6
Mcu.Pin10=PA14 (JTCK/SWCLK)
Mcu.Pin11=PB3 (JTDO/TRACESWO)
Mcu.Pin12=PB4 (NJTRST)
Mcu.Pin13=PB6
Mcu.Pin14=PB7
Mcu.Pin15=VP_SYS_VS_Systick
Mcu.Pin2=PA7
Mcu.Pin3=PB10
Mcu.Pin4=PB11
Mcu.Pin5=PA9
Mcu.Pin6=PA10
Mcu.Pin7=PA11
Mcu.Pin8=PA12
Mcu.Pin9=PA13 (JTMS/SWDIO)
Mcu.PinsNb=16
Mcu.ThirdPartyNb=0
Mcu.UserConstants=
Mcu.UserName=STM32L4P5CGUx
MxCube.Version=6.9.0
MxDb.Version=DB.6.0.90
NVIC.BusFault_IRQn=true\:0\:0\:false\:false\:true\:false\:false\:false
NVIC.DebugMonitor_IRQn=true\:0\:0\:false\:false\:true\:false\:false\:false
NVIC.ForceEnableDMAVector=true
NVIC.HardFault_IRQn=true\:0\:0\:false\:false\:true\:false\:false\:false
NVIC.MemoryManagement_IRQn=true\:0\:0\:false\:false\:true\:false\:false\:false
NVIC.NonMaskableInt_IRQn=true\:0\:0\:false\:false\:true\:false\:false\:false
NVIC.PendSV_IRQn=true\:0\:0\:false\:false\:true\:false\:false\:false
NVIC.PriorityGroup=NVIC_PRIORITYGROUP_4
NVIC.SVCall_IRQn=true\:0\:0\:false\:false\:true\:false\:false\:false
NVIC.SysTick_IRQn=true\:15\:0\:false\:false\:true\:false\:true\:false
NVIC.UsageFault_IRQn=true\:0\:0\:false\:false\:true\:false\:false\:false
PA10.Locked=true
PA10.Signal=USART1_RX
PA11.Locked=true
PA11.Signal=SPI1_MISO
PA12.Locked=true
PA12.Signal=SPI1_MOSI
PA13\ (JTMS/SWDIO).Locked=true
PA13\ (JTMS/SWDIO).Signal=SYS_JTMS-SWDIO
PA14\ (JTCK/SWCLK).Locked=true
PA14\ (JTCK/SWCLK).Signal=SYS_JTCK-SWCLK
PA5.GPIOParameters=GPIO_Label
PA5.GPIO_Label=RECT_M
PA5.Locked=true
PA5.Signal=ADCx_IN10
PA6.GPIOParameters=GPIO_Label
PA6.GPIO_Label=BATT_M
PA6.Locked=true
PA6.Signal=ADCx_IN11
PA7.Locked=true
PA7.Signal=I2C3_SCL
PA9.Locked=true
PA9.Signal=USART1_TX
PB10.Locked=true
PB10.Signal=I2C2_SCL
PB11.Locked=true
PB11.Signal=I2C2_SDA
PB3\ (JTDO/TRACESWO).Locked=true
PB3\ (JTDO/TRACESWO).Signal=SPI1_SCK
PB4\ (NJTRST).Locked=true
PB4\ (NJTRST).Signal=I2C3_SDA
PB6.Locked=true
PB6.Signal=I2C1_SCL
PB7.Locked=true
PB7.Signal=I2C1_SDA
PinOutPanel.RotationAngle=0
RCC.ADCFreq_Value=16000000
RCC.AHBCLKDivider=RCC_SYSCLK_DIV2
RCC.AHBFreq_Value=2000000
RCC.APB1Freq_Value=2000000
RCC.APB1TimFreq_Value=2000000
RCC.APB2Freq_Value=2000000
RCC.APB2TimFreq_Value=2000000
RCC.CRSFreq_Value=48000000
RCC.CortexFreq_Value=2000000
RCC.DFSDMAudioFreq_Value=4000000
RCC.DFSDMFreq_Value=2000000
RCC.FCLKCortexFreq_Value=2000000
RCC.FamilyName=M
RCC.HCLKFreq_Value=2000000
RCC.HSE_VALUE=8000000
RCC.HSI48_VALUE=48000000
RCC.HSI_VALUE=16000000
RCC.I2C1Freq_Value=2000000
RCC.I2C2Freq_Value=2000000
RCC.I2C3Freq_Value=2000000
RCC.I2C4Freq_Value=2000000
RCC.IPParameters=ADCFreq_Value,AHBCLKDivider,AHBFreq_Value,APB1Freq_Value,APB1TimFreq_Value,APB2Freq_Value,APB2TimFreq_Value,CRSFreq_Value,CortexFreq_Value,DFSDMAudioFreq_Value,DFSDMFreq_Value,FCLKCortexFreq_Value,FamilyName,HCLKFreq_Value,HSE_VALUE,HSI48_VALUE,HSI_VALUE,I2C1Freq_Value,I2C2Freq_Value,I2C3Freq_Value,I2C4Freq_Value,LCDTFTFreq_Value,LPTIM1Freq_Value,LPTIM2Freq_Value,LPUART1Freq_Value,LSCOPinFreq_Value,LSE_VALUE,LSI_VALUE,MCO1PinFreq_Value,MSI_VALUE,OCTOSPIMFreq_Value,PLLPoutputFreq_Value,PLLQoutputFreq_Value,PLLRCLKFreq_Value,PLLSAI1N,PLLSAI1PoutputFreq_Value,PLLSAI1QoutputFreq_Value,PLLSAI1R,PLLSAI1RoutputFreq_Value,PLLSAI2PoutputFreq_Value,PLLSAI2QoutputFreq_Value,PLLSAI2RoutputFreq_Value,PWRFreq_Value,PWR_Regulator_Voltage_Scale,RNGFreq_Value,SAI1Freq_Value,SAI2Freq_Value,SDMMCFreq_Value,SYSCLKFreq_VALUE,UART4Freq_Value,UART5Freq_Value,USART1Freq_Value,USART2Freq_Value,USART3Freq_Value,USBFreq_Value,VCOInput2Freq_Value,VCOInput3Freq_Value,VCOInputFreq_Value,VCOOutputFreq_Value,VCOSAI1OutputFreq_Value,VCOSAI2OutputFreq_Value,VDD_VALUE
RCC.LCDTFTFreq_Value=8000000
RCC.LPTIM1Freq_Value=2000000
RCC.LPTIM2Freq_Value=2000000
RCC.LPUART1Freq_Value=2000000
RCC.LSCOPinFreq_Value=32000
RCC.LSE_VALUE=32768
RCC.LSI_VALUE=32000
RCC.MCO1PinFreq_Value=4000000
RCC.MSI_VALUE=4000000
RCC.OCTOSPIMFreq_Value=4000000
RCC.PLLPoutputFreq_Value=16000000
RCC.PLLQoutputFreq_Value=16000000
RCC.PLLRCLKFreq_Value=16000000
RCC.PLLSAI1N=16
RCC.PLLSAI1PoutputFreq_Value=32000000
RCC.PLLSAI1QoutputFreq_Value=32000000
RCC.PLLSAI1R=RCC_PLLR_DIV4
RCC.PLLSAI1RoutputFreq_Value=16000000
RCC.PLLSAI2PoutputFreq_Value=16000000
RCC.PLLSAI2QoutputFreq_Value=16000000
RCC.PLLSAI2RoutputFreq_Value=16000000
RCC.PWRFreq_Value=4000000
RCC.PWR_Regulator_Voltage_Scale=PWR_REGULATOR_VOLTAGE_SCALE2
RCC.RNGFreq_Value=32000000
RCC.SAI1Freq_Value=32000000
RCC.SAI2Freq_Value=32000000
RCC.SDMMCFreq_Value=16000000
RCC.SYSCLKFreq_VALUE=4000000
RCC.UART4Freq_Value=2000000
RCC.UART5Freq_Value=2000000
RCC.USART1Freq_Value=2000000
RCC.USART2Freq_Value=2000000
RCC.USART3Freq_Value=2000000
RCC.USBFreq_Value=32000000
RCC.VCOInput2Freq_Value=4000000
RCC.VCOInput3Freq_Value=4000000
RCC.VCOInputFreq_Value=4000000
RCC.VCOOutputFreq_Value=32000000
RCC.VCOSAI1OutputFreq_Value=64000000
RCC.VCOSAI2OutputFreq_Value=32000000
RCC.VDD_VALUE=1.9
SH.ADCx_IN10.0=ADC1_IN10
SH.ADCx_IN10.ConfNb=1
SH.ADCx_IN11.0=ADC1_IN11
SH.ADCx_IN11.ConfNb=1
VP_SYS_VS_Systick.Mode=SysTick
VP_SYS_VS_Systick.Signal=SYS_VS_Systick
board=STEVAL-SMARTAG2
boardIOC=true
