#MicroXplorer Configuration settings - do not modify
File.Version=6
KeepUserPlacement=true
Mcu.Family=STM32L0
Mcu.IP0=NVIC
Mcu.IP1=RCC
Mcu.IP2=RTC
Mcu.IP3=SPI1
Mcu.IP4=SPI2
Mcu.IP6=SYS
Mcu.IP7=USART2
Mcu.IPNb=8
Mcu.Name=STM32L072C(B-Z)Yx
Mcu.Package=WLCSP49
Mcu.Pin0=PA15
Mcu.Pin1=PB3
Mcu.Pin10=PB15
Mcu.Pin11=PA1
Mcu.Pin12=PC2
Mcu.Pin13=PB14
Mcu.Pin14=PB13
Mcu.Pin15=PA7
Mcu.Pin16=PA2
Mcu.Pin17=PB12
Mcu.Pin18=PB0
Mcu.Pin19=PA6
Mcu.Pin2=PA12
Mcu.Pin20=PA3
Mcu.Pin21=VP_RTC_VS_RTC_Activate
Mcu.Pin22=VP_RTC_VS_RTC_Calendar
Mcu.Pin23=VP_RTC_VS_RTC_Alarm_A_Intern
Mcu.Pin24=VP_SYS_VS_Systick
Mcu.Pin25=VP_STMicroelectronics.LRWAN_VS_Connectivity_LoraWANStack_0.0.4
Mcu.Pin3=PB4
Mcu.Pin4=PC13
Mcu.Pin5=PC1
Mcu.Pin6=PC0
Mcu.Pin7=PB1
Mcu.Pin8=PH0-OSC_IN
Mcu.Pin9=PH1-OSC_OUT
Mcu.PinsNb=26
Mcu.ThirdParty5=STMicroelectronics.LRWAN.0.0.4
Mcu.UserConstants=
Mcu.UserName=STM32L072CZYx
MxCube.Version=4.23.0
MxDb.Version=DB.4.0.230
NVIC.EXTI0_1_IRQn=true\:0\:0\:false\:false\:true\:true
NVIC.EXTI4_15_IRQn=true\:0\:0\:false\:false\:true\:true
NVIC.HardFault_IRQn=true\:0\:0\:false\:false\:true\:false
NVIC.NonMaskableInt_IRQn=true\:0\:0\:false\:false\:true\:false
NVIC.PendSV_IRQn=true\:0\:0\:false\:false\:true\:false
NVIC.RTC_IRQn=true\:0\:0\:false\:false\:true\:true
NVIC.SVC_IRQn=true\:0\:0\:false\:false\:true\:false
NVIC.SysTick_IRQn=true\:0\:0\:false\:false\:true\:false
NVIC.USART2_IRQn=true\:0\:0\:false\:false\:true\:true
PA1.GPIOParameters=GPIO_Label,PinState,GPIO_Speed
PA1.GPIO_Label=RADIO_ANT_SWITCH_RX
PA1.GPIO_Speed=GPIO_SPEED_FREQ_HIGH
PA1.Locked=true
PA1.PinState=GPIO_PIN_RESET
PA1.Signal=GPIO_Output
PA12.GPIOParameters=GPIO_Label,GPIO_Speed
PA12.GPIO_Label=RADIO_TCXO_VCC
PA12.GPIO_Speed=GPIO_SPEED_FREQ_HIGH
PA12.Locked=true
PA12.Signal=GPIO_Output
PA15.GPIOParameters=GPIO_Label,GPIO_Speed
PA15.GPIO_Label=RADIO_NSS
PA15.GPIO_Speed=GPIO_SPEED_FREQ_HIGH
PA15.Locked=true
PA15.Signal=GPIO_Output
PA2.GPIOParameters=GPIO_Label
PA2.GPIO_Label=STLINK_RX
PA2.Locked=true
PA2.Mode=Asynchronous
PA2.Signal=USART2_TX
PA3.GPIOParameters=GPIO_Label
PA3.GPIO_Label=STLINK_TX
PA3.Locked=true
PA3.Mode=Asynchronous
PA3.Signal=USART2_RX
PA6.GPIOParameters=GPIO_Label
PA6.GPIO_Label=RADIO_MISO
PA6.Locked=true
PA6.Mode=Full_Duplex_Master
PA6.Signal=SPI1_MISO
PA7.GPIOParameters=GPIO_Label
PA7.GPIO_Label=RADIO_MOSI
PA7.Locked=true
PA7.Mode=Full_Duplex_Master
PA7.Signal=SPI1_MOSI
PB0.GPIOParameters=GPIO_Label
PB0.GPIO_Label=RADIO_DIO_2
PB0.Locked=true
PB0.Signal=GPXTI0
PB1.GPIOParameters=GPIO_Label
PB1.GPIO_Label=RADIO_DIO_1
PB1.Locked=true
PB1.Signal=GPXTI1
PB12.Locked=true
PB12.Mode=NSS_Signal_Hard_Input
PB12.Signal=SPI2_NSS
PB13.Locked=true
PB13.Mode=Full_Duplex_Master
PB13.Signal=SPI2_SCK
PB14.Locked=true
PB14.Mode=Full_Duplex_Master
PB14.Signal=SPI2_MISO
PB15.Locked=true
PB15.Mode=Full_Duplex_Master
PB15.Signal=SPI2_MOSI
PB3.GPIOParameters=GPIO_Label
PB3.GPIO_Label=RADIO_SCLK
PB3.Locked=true
PB3.Mode=Full_Duplex_Master
PB3.Signal=SPI1_SCK
PB4.GPIOParameters=GPIO_Label
PB4.GPIO_Label=RADIO_DIO_0
PB4.Locked=true
PB4.Signal=GPXTI4
PC0.GPIOParameters=GPIO_Label,GPIO_Speed
PC0.GPIO_Label=RADIO_RESET
PC0.GPIO_Speed=GPIO_SPEED_FREQ_HIGH
PC0.Locked=true
PC0.Signal=GPIO_Output
PC1.GPIOParameters=GPIO_Label,GPIO_Speed
PC1.GPIO_Label=RADIO_ANT_SWITCH_TX_BOOST
PC1.GPIO_Speed=GPIO_SPEED_FREQ_HIGH
PC1.Locked=true
PC1.Signal=GPIO_Output
PC13.GPIOParameters=GPIO_Label
PC13.GPIO_Label=RADIO_DIO_3
PC13.Locked=true
PC13.Signal=GPXTI13
PC2.GPIOParameters=GPIO_Label,GPIO_Speed
PC2.GPIO_Label=RADIO_ANT_SWITCH_TX_RFO
PC2.GPIO_Speed=GPIO_SPEED_FREQ_HIGH
PC2.Locked=true
PC2.Signal=GPIO_Output
PCC.Checker=true
PCC.Line=STM32L0x2
PCC.MCU=STM32L072C(B-Z)Yx
PCC.PartNumber=STM32L072CZYx
PCC.Seq0=0
PCC.Series=STM32L0
PCC.Temperature=25
PCC.Vdd=3.0
PH0-OSC_IN.Locked=true
PH0-OSC_IN.Signal=RCC_OSC_IN
PH1-OSC_OUT.Locked=true
PH1-OSC_OUT.Signal=RCC_OSC_OUT
PinOutPanel.CurrentBGAView=Top
PinOutPanel.RotationAngle=0
RCC.48CLKFreq_Value=48000000
RCC.48RNGFreq_Value=48000000
RCC.48USBFreq_Value=48000000
RCC.AHBFreq_Value=32000000
RCC.APB1Freq_Value=32000000
RCC.APB1TimFreq_Value=32000000
RCC.APB2Freq_Value=32000000
RCC.APB2TimFreq_Value=32000000
RCC.FCLKCortexFreq_Value=32000000
RCC.FamilyName=M
RCC.HCLKFreq_Value=32000000
RCC.HSE_VALUE=8000000
RCC.HSI16_VALUE=16000000
RCC.HSI48_VALUE=48000000
RCC.HSI_VALUE=16000000
RCC.I2C1Freq_Value=32000000
RCC.I2C3Freq_Value=32000000
RCC.IPParameters=48CLKFreq_Value,48RNGFreq_Value,48USBFreq_Value,AHBFreq_Value,APB1Freq_Value,APB1TimFreq_Value,APB2Freq_Value,APB2TimFreq_Value,FCLKCortexFreq_Value,FamilyName,HCLKFreq_Value,HSE_VALUE,HSI16_VALUE,HSI48_VALUE,HSI_VALUE,I2C1Freq_Value,I2C3Freq_Value,LPTIMFreq_Value,LPUARTFreq_Value,LSE_VALUE,LSI_VALUE,MCOPinFreq_Value,MSI_VALUE,PLLCLKFreq_Value,PLLDIV,PLLMUL,PWRFreq_Value,RTCFreq_Value,RTCHSEDivFreq_Value,SYSCLKFreq_VALUE,SYSCLKSource,TIMFreq_Value,TimerFreq_Value,USART1Freq_Value,USART2Freq_Value,VCOOutputFreq_Value,WatchDogFreq_Value
RCC.LPTIMFreq_Value=32000000
RCC.LPUARTFreq_Value=32000000
RCC.LSE_VALUE=32768
RCC.LSI_VALUE=37000
RCC.MCOPinFreq_Value=32000000
RCC.MSI_VALUE=2097000
RCC.PLLCLKFreq_Value=32000000
RCC.PLLDIV=RCC_PLLDIV_3
RCC.PLLMUL=RCC_PLLMUL_6
RCC.PWRFreq_Value=32000000
RCC.RTCFreq_Value=37000
RCC.RTCHSEDivFreq_Value=4000000
RCC.SYSCLKFreq_VALUE=32000000
RCC.SYSCLKSource=RCC_SYSCLKSOURCE_PLLCLK
RCC.TIMFreq_Value=32000000
RCC.TimerFreq_Value=32000000
RCC.USART1Freq_Value=32000000
RCC.USART2Freq_Value=32000000
RCC.VCOOutputFreq_Value=96000000
RCC.WatchDogFreq_Value=37000
RTC.Alarm-Alarm\ A=RTC_ALARM_A
RTC.AlarmSubSecondMask-Alarm\ A=RTC_ALARMSUBSECONDMASK_NONE
RTC.AsynchPrediv=31
RTC.Format=RTC_FORMAT_BIN
RTC.IPParameters=AsynchPrediv,SynchPrediv,Format,Alarm-Alarm A,AlarmSubSecondMask-Alarm A
RTC.SynchPrediv=1023
SH.GPXTI0.0=GPIO_EXTI0
SH.GPXTI0.ConfNb=1
SH.GPXTI1.0=GPIO_EXTI1
SH.GPXTI1.ConfNb=1
SH.GPXTI13.0=GPIO_EXTI13
SH.GPXTI13.ConfNb=1
SH.GPXTI4.0=GPIO_EXTI4
SH.GPXTI4.ConfNb=1
SPI1.BaudRatePrescaler=SPI_BAUDRATEPRESCALER_32
SPI1.CalculateBaudRate=1000.0 KBits/s
SPI1.Direction=SPI_DIRECTION_2LINES
SPI1.IPParameters=VirtualType,Mode,Direction,CalculateBaudRate,BaudRatePrescaler
SPI1.Mode=SPI_MODE_MASTER
SPI1.VirtualType=VM_MASTER
SPI2.BaudRatePrescaler=SPI_BAUDRATEPRESCALER_2
SPI2.CalculateBaudRate=16.0 MBits/s
SPI2.Direction=SPI_DIRECTION_2LINES
SPI2.IPParameters=VirtualType,Mode,Direction,CalculateBaudRate,VirtualNSS,BaudRatePrescaler
SPI2.Mode=SPI_MODE_MASTER
SPI2.VirtualNSS=VM_NSSHARD
SPI2.VirtualType=VM_MASTER
STMicroelectronics.LRWAN.0.0.4.BSP.number=9
STMicroelectronics.LRWAN.0.0.4.Connectivity_LoraWANStack.cmp_version0=1.1.2
STMicroelectronics.LRWAN.0.0.4.Connectivity_LoraWANStack.cmp_version1=1.1.2
STMicroelectronics.LRWAN.0.0.4.Connectivity_LoraWANStack.cmp_version2=1.1.2
STMicroelectronics.LRWAN.0.0.4.Connectivity_LoraWANStack.cmp_version3=1.1.2
STMicroelectronics.LRWAN.0.0.4.Connectivity_LoraWANStack.cmp_version4=1.1.2
STMicroelectronics.LRWAN.0.0.4.Connectivity_LoraWANStack.cmp_version5=1.1.2
STMicroelectronics.LRWAN.0.0.4.Connectivity_LoraWANStack.cmp_version6=1.1.2
STMicroelectronics.LRWAN.0.0.4.Connectivity_LoraWANStack.component0=Connectivity
STMicroelectronics.LRWAN.0.0.4.Connectivity_LoraWANStack.component1=Connectivity
STMicroelectronics.LRWAN.0.0.4.Connectivity_LoraWANStack.component2=Connectivity
STMicroelectronics.LRWAN.0.0.4.Connectivity_LoraWANStack.component3=Connectivity
STMicroelectronics.LRWAN.0.0.4.Connectivity_LoraWANStack.component4=Connectivity
STMicroelectronics.LRWAN.0.0.4.Connectivity_LoraWANStack.component5=Connectivity
STMicroelectronics.LRWAN.0.0.4.Connectivity_LoraWANStack.component6=Connectivity
STMicroelectronics.LRWAN.0.0.4.Connectivity_LoraWANStack.description0=LoRaWAN stack,LoRaWAN Core
STMicroelectronics.LRWAN.0.0.4.Connectivity_LoraWANStack.description1=LoRaWAN stack,LoRaWAN Core
STMicroelectronics.LRWAN.0.0.4.Connectivity_LoraWANStack.description2=LoRaWAN stack,
STMicroelectronics.LRWAN.0.0.4.Connectivity_LoraWANStack.description3=LoRaWAN stack,
STMicroelectronics.LRWAN.0.0.4.Connectivity_LoraWANStack.description4=LoRaWAN stack,
STMicroelectronics.LRWAN.0.0.4.Connectivity_LoraWANStack.description5=LoRaWAN stack,
STMicroelectronics.LRWAN.0.0.4.Connectivity_LoraWANStack.description6=LoRaWAN stack,
STMicroelectronics.LRWAN.0.0.4.Connectivity_LoraWANStack.diagnostic0=This component must operate correctly.
STMicroelectronics.LRWAN.0.0.4.Connectivity_LoraWANStack.diagnostic1=This component must operate correctly.
STMicroelectronics.LRWAN.0.0.4.Connectivity_LoraWANStack.diagnostic2=This component must operate correctly.
STMicroelectronics.LRWAN.0.0.4.Connectivity_LoraWANStack.diagnostic3=This component must operate correctly.
STMicroelectronics.LRWAN.0.0.4.Connectivity_LoraWANStack.diagnostic4=This component must operate correctly.
STMicroelectronics.LRWAN.0.0.4.Connectivity_LoraWANStack.diagnostic5=This component must operate correctly.
STMicroelectronics.LRWAN.0.0.4.Connectivity_LoraWANStack.diagnostic6=This component must operate correctly.
STMicroelectronics.LRWAN.0.0.4.Connectivity_LoraWANStack.group0=Core
STMicroelectronics.LRWAN.0.0.4.Connectivity_LoraWANStack.group1=Debug
STMicroelectronics.LRWAN.0.0.4.Connectivity_LoraWANStack.group2=Crypto
STMicroelectronics.LRWAN.0.0.4.Connectivity_LoraWANStack.group3=MacRegion
STMicroelectronics.LRWAN.0.0.4.Connectivity_LoraWANStack.group4=Mac
STMicroelectronics.LRWAN.0.0.4.Connectivity_LoraWANStack.group5=Phy
STMicroelectronics.LRWAN.0.0.4.Connectivity_LoraWANStack.group6=Utilities
STMicroelectronics.LRWAN.0.0.4.Connectivity_LoraWANStack.paramName0=LoraWANStackCcConnectivity_Core
STMicroelectronics.LRWAN.0.0.4.Connectivity_LoraWANStack.paramName1=LoraWANStackCcConnectivity_Debug
STMicroelectronics.LRWAN.0.0.4.Connectivity_LoraWANStack.paramName2=LoraWANStackCcConnectivity_Crypto
STMicroelectronics.LRWAN.0.0.4.Connectivity_LoraWANStack.paramName3=LoraWANStackCcConnectivity_MacRegion
STMicroelectronics.LRWAN.0.0.4.Connectivity_LoraWANStack.paramName4=LoraWANStackCcConnectivity_Mac
STMicroelectronics.LRWAN.0.0.4.Connectivity_LoraWANStack.paramName5=LoraWANStackCcConnectivity_Phy
STMicroelectronics.LRWAN.0.0.4.Connectivity_LoraWANStack.paramName6=LoraWANStackCcConnectivity_Utilities
STMicroelectronics.LRWAN.0.0.4.Connectivity_LoraWANStack.peripheralName0=RTC
STMicroelectronics.LRWAN.0.0.4.Connectivity_LoraWANStack.sevirity0=none
STMicroelectronics.LRWAN.0.0.4.Connectivity_LoraWANStack.sevirity1=none
STMicroelectronics.LRWAN.0.0.4.Connectivity_LoraWANStack.sevirity2=none
STMicroelectronics.LRWAN.0.0.4.Connectivity_LoraWANStack.sevirity3=none
STMicroelectronics.LRWAN.0.0.4.Connectivity_LoraWANStack.sevirity4=none
STMicroelectronics.LRWAN.0.0.4.Connectivity_LoraWANStack.sevirity5=none
STMicroelectronics.LRWAN.0.0.4.Connectivity_LoraWANStack.sevirity6=none
STMicroelectronics.LRWAN.0.0.4.Connectivity_LoraWANStack_Checked=true
STMicroelectronics.LRWAN.0.0.4.Connectivity_LoraWANStack_class=Connectivity
STMicroelectronics.LRWAN.0.0.4.Connectivity_LoraWANStack_name=LRWAN
STMicroelectronics.LRWAN.0.0.4.Connectivity_LoraWANStack_size=7
STMicroelectronics.LRWAN.0.0.4.Connectivity_LoraWANStack_vendor=STMicroelectronics
STMicroelectronics.LRWAN.0.0.4.Connectivity_LoraWANStack_version=0.0.4
STMicroelectronics.LRWAN.0.0.4.IPParameters=LoraWANStackCcConnectivity_Core,LoraWANStackCcConnectivity_Debug,LoraWANStackCcConnectivity_Crypto,LoraWANStackCcConnectivity_MacRegion,LoraWANStackCcConnectivity_Mac,LoraWANStackCcConnectivity_Phy,LoraWANStackCcConnectivity_Utilities
STMicroelectronics.LRWAN.0.0.4.LoraWANStackCcConnectivity_Core=true
STMicroelectronics.LRWAN.0.0.4.LoraWANStackCcConnectivity_Crypto=true
STMicroelectronics.LRWAN.0.0.4.LoraWANStackCcConnectivity_Debug=true
STMicroelectronics.LRWAN.0.0.4.LoraWANStackCcConnectivity_Mac=true
STMicroelectronics.LRWAN.0.0.4.LoraWANStackCcConnectivity_MacRegion=true
STMicroelectronics.LRWAN.0.0.4.LoraWANStackCcConnectivity_Phy=true
STMicroelectronics.LRWAN.0.0.4.LoraWANStackCcConnectivity_Utilities=true
STMicroelectronics.LRWAN.0.0.40.BSP.STBoard=false
STMicroelectronics.LRWAN.0.0.40.BSP.api=UnknownBspDriver
STMicroelectronics.LRWAN.0.0.40.BSP.component=
STMicroelectronics.LRWAN.0.0.40.BSP.i2caddr=0
STMicroelectronics.LRWAN.0.0.40.BSP.i2creg=0
STMicroelectronics.LRWAN.0.0.40.BSP.instance=SPI1
STMicroelectronics.LRWAN.0.0.40.BSP.ip=SPI
STMicroelectronics.LRWAN.0.0.40.BSP.mode=Full-Duplex Master
STMicroelectronics.LRWAN.0.0.40.BSP.name=Bus_Radio_SX_1276
STMicroelectronics.LRWAN.0.0.40.BSP.solution=SPI1
STMicroelectronics.LRWAN.0.0.41.BSP.STBoard=false
STMicroelectronics.LRWAN.0.0.41.BSP.api=BSP_COMPONENT_DRIVER
STMicroelectronics.LRWAN.0.0.41.BSP.component=SX_1276_MB1MAS
STMicroelectronics.LRWAN.0.0.41.BSP.i2caddr=
STMicroelectronics.LRWAN.0.0.41.BSP.i2creg=
STMicroelectronics.LRWAN.0.0.41.BSP.instance=SX1276
STMicroelectronics.LRWAN.0.0.41.BSP.ip=
STMicroelectronics.LRWAN.0.0.41.BSP.mode=
STMicroelectronics.LRWAN.0.0.41.BSP.name=SX_1276
STMicroelectronics.LRWAN.0.0.41.BSP.solution=SX1276
STMicroelectronics.LRWAN.0.0.42.BSP.STBoard=false
STMicroelectronics.LRWAN.0.0.42.BSP.api=UnknownBspDriver
STMicroelectronics.LRWAN.0.0.42.BSP.component=
STMicroelectronics.LRWAN.0.0.42.BSP.i2caddr=0
STMicroelectronics.LRWAN.0.0.42.BSP.i2creg=0
STMicroelectronics.LRWAN.0.0.42.BSP.instance=PC0
STMicroelectronics.LRWAN.0.0.42.BSP.ip=GPIO
STMicroelectronics.LRWAN.0.0.42.BSP.mode=Output
STMicroelectronics.LRWAN.0.0.42.BSP.name=Radio Reset
STMicroelectronics.LRWAN.0.0.42.BSP.solution=PC0
STMicroelectronics.LRWAN.0.0.43.BSP.STBoard=false
STMicroelectronics.LRWAN.0.0.43.BSP.api=UnknownBspDriver
STMicroelectronics.LRWAN.0.0.43.BSP.component=
STMicroelectronics.LRWAN.0.0.43.BSP.i2caddr=0
STMicroelectronics.LRWAN.0.0.43.BSP.i2creg=0
STMicroelectronics.LRWAN.0.0.43.BSP.instance=PA1
STMicroelectronics.LRWAN.0.0.43.BSP.ip=GPIO
STMicroelectronics.LRWAN.0.0.43.BSP.mode=Output
STMicroelectronics.LRWAN.0.0.43.BSP.name=ANT_SWITCH
STMicroelectronics.LRWAN.0.0.43.BSP.solution=PA1
STMicroelectronics.LRWAN.0.0.44.BSP.STBoard=false
STMicroelectronics.LRWAN.0.0.44.BSP.api=UnknownBspDriver
STMicroelectronics.LRWAN.0.0.44.BSP.component=
STMicroelectronics.LRWAN.0.0.44.BSP.i2caddr=0
STMicroelectronics.LRWAN.0.0.44.BSP.i2creg=0
STMicroelectronics.LRWAN.0.0.44.BSP.instance=PB4
STMicroelectronics.LRWAN.0.0.44.BSP.ip=GPIO
STMicroelectronics.LRWAN.0.0.44.BSP.mode=EXTI
STMicroelectronics.LRWAN.0.0.44.BSP.name=DIO_0
STMicroelectronics.LRWAN.0.0.44.BSP.solution=PB4
STMicroelectronics.LRWAN.0.0.45.BSP.STBoard=false
STMicroelectronics.LRWAN.0.0.45.BSP.api=UnknownBspDriver
STMicroelectronics.LRWAN.0.0.45.BSP.component=
STMicroelectronics.LRWAN.0.0.45.BSP.i2caddr=0
STMicroelectronics.LRWAN.0.0.45.BSP.i2creg=0
STMicroelectronics.LRWAN.0.0.45.BSP.instance=PB0
STMicroelectronics.LRWAN.0.0.45.BSP.ip=GPIO
STMicroelectronics.LRWAN.0.0.45.BSP.mode=EXTI
STMicroelectronics.LRWAN.0.0.45.BSP.name=DIO_2
STMicroelectronics.LRWAN.0.0.45.BSP.solution=PB0
STMicroelectronics.LRWAN.0.0.46.BSP.STBoard=false
STMicroelectronics.LRWAN.0.0.46.BSP.api=UnknownBspDriver
STMicroelectronics.LRWAN.0.0.46.BSP.component=
STMicroelectronics.LRWAN.0.0.46.BSP.i2caddr=0
STMicroelectronics.LRWAN.0.0.46.BSP.i2creg=0
STMicroelectronics.LRWAN.0.0.46.BSP.instance=PB1
STMicroelectronics.LRWAN.0.0.46.BSP.ip=GPIO
STMicroelectronics.LRWAN.0.0.46.BSP.mode=EXTI
STMicroelectronics.LRWAN.0.0.46.BSP.name=DIO_1
STMicroelectronics.LRWAN.0.0.46.BSP.solution=PB1
STMicroelectronics.LRWAN.0.0.47.BSP.STBoard=false
STMicroelectronics.LRWAN.0.0.47.BSP.api=UnknownBspDriver
STMicroelectronics.LRWAN.0.0.47.BSP.component=
STMicroelectronics.LRWAN.0.0.47.BSP.i2caddr=0
STMicroelectronics.LRWAN.0.0.47.BSP.i2creg=0
STMicroelectronics.LRWAN.0.0.47.BSP.instance=PA15
STMicroelectronics.LRWAN.0.0.47.BSP.ip=GPIO
STMicroelectronics.LRWAN.0.0.47.BSP.mode=Output
STMicroelectronics.LRWAN.0.0.47.BSP.name=Radio NSS
STMicroelectronics.LRWAN.0.0.47.BSP.solution=PA15
STMicroelectronics.LRWAN.0.0.48.BSP.STBoard=false
STMicroelectronics.LRWAN.0.0.48.BSP.api=UnknownBspDriver
STMicroelectronics.LRWAN.0.0.48.BSP.component=
STMicroelectronics.LRWAN.0.0.48.BSP.i2caddr=0
STMicroelectronics.LRWAN.0.0.48.BSP.i2creg=0
STMicroelectronics.LRWAN.0.0.48.BSP.instance=PC13
STMicroelectronics.LRWAN.0.0.48.BSP.ip=GPIO
STMicroelectronics.LRWAN.0.0.48.BSP.mode=EXTI
STMicroelectronics.LRWAN.0.0.48.BSP.name=DIO_3
STMicroelectronics.LRWAN.0.0.48.BSP.solution=PC13
STMicroelectronics.LRWAN.0.0.4_RteComponentsize=0
STMicroelectronics.LRWAN.0.0.4_SwParameter=LoraWANStackCcConnectivity_Core\:true;LoraWANStackCcConnectivity_Crypto\:true;LoraWANStackCcConnectivity_MacRegion\:true;LoraWANStackCcConnectivity_Debug\:true;LoraWANStackCcConnectivity_Mac\:true;LoraWANStackCcConnectivity_Utilities\:true;LoraWANStackCcConnectivity_Phy\:true;
STMicroelectronics.LRWAN.0.0.4_description=LoRaWAN stack for STM32
STMicroelectronics.LRWAN.0.0.4_license=
STMicroelectronics.LRWAN.0.0.4_thirdPartyDbPath=C\:/Users/frq02547/STM32Cube/Repository//Packs/STMicroelectronics/LRWAN/0.0.4/CubeMX/
USART2.IPParameters=VirtualMode-Asynchronous
USART2.VirtualMode-Asynchronous=VM_ASYNC
VP_RTC_VS_RTC_Activate.Mode=RTC_Enabled
VP_RTC_VS_RTC_Activate.Signal=RTC_VS_RTC_Activate
VP_RTC_VS_RTC_Alarm_A_Intern.Mode=Alarm A
VP_RTC_VS_RTC_Alarm_A_Intern.Signal=RTC_VS_RTC_Alarm_A_Intern
VP_RTC_VS_RTC_Calendar.Mode=RTC_Calendar
VP_RTC_VS_RTC_Calendar.Signal=RTC_VS_RTC_Calendar
VP_STMicroelectronics.LRWAN_VS_Connectivity_LoraWANStack_0.0.4.Mode=Connectivity_LoraWANStack
VP_STMicroelectronics.LRWAN_VS_Connectivity_LoraWANStack_0.0.4.Signal=STMicroelectronics.LRWAN_VS_Connectivity_LoraWANStack_0.0.4
VP_SYS_VS_Systick.Mode=SysTick
VP_SYS_VS_Systick.Signal=SYS_VS_Systick
boardIOC=true