#MicroXplorer Configuration settings - do not modify
BSP_IP_NAME=NUCLEO-WL55JC1
CAD.formats=
CAD.pinconfig=
CAD.provider=
File.Version=6
GPIO.groupedBy=Group By Peripherals
KeepUserPlacement=false
Mcu.CPN=STM32WL55JCI6
Mcu.ContextProject=MonoOnDualCore
Mcu.Family=STM32WL
Mcu.IP0=NVIC
Mcu.IP1=RCC
Mcu.IP2=SYS
Mcu.IP3=NUCLEO-WL55JC1
Mcu.IPNb=4
Mcu.Name=STM32WL55JCIx
Mcu.Package=UFBGA73
Mcu.Pin0=PC14-OSC32_IN
Mcu.Pin1=PC15-OSC32_OUT
Mcu.Pin2=PC3
Mcu.Pin3=PC5
Mcu.Pin4=PC4
Mcu.Pin5=PA3
Mcu.Pin6=PA2
Mcu.Pin7=VP_SYS_VS_Systick
Mcu.PinsNb=8
Mcu.ThirdPartyNb=0
Mcu.UserConstants=
Mcu.UserName=STM32WL55JCIx
MxCube.Version=6.12.0
MxDb.Version=DB.6.0.120
NVIC.BusFault_IRQn=true\:0\:0\:false\:false\:true\:false\:false\:false
NVIC.DebugMonitor_IRQn=true\:0\:0\:false\:false\:true\:false\:false\:false
NVIC.ForceEnableDMAVector=true
NVIC.HardFault_IRQn=true\:0\:0\:false\:false\:true\:false\:false\:false
NVIC.MemoryManagement_IRQn=true\:0\:0\:false\:false\:true\:false\:false\:false
NVIC.NonMaskableInt_IRQn=true\:0\:0\:false\:false\:true\:false\:false\:false
NVIC.PendSV_IRQn=true\:0\:0\:false\:false\:true\:false\:false\:false
NVIC.PriorityGroup=NVIC_PRIORITYGROUP_4
NVIC.SVCall_IRQn=true\:0\:0\:false\:false\:true\:false\:false\:false
NVIC.SysTick_IRQn=true\:0\:0\:false\:false\:true\:false\:true\:false
NVIC.UsageFault_IRQn=true\:0\:0\:false\:false\:true\:false\:false\:false
PA2.GPIOParameters=GPIO_Label
PA2.GPIO_Label=T_VCP_RX
PA2.Locked=true
PA2.Signal=USART2_TX
PA3.GPIOParameters=GPIO_Label
PA3.GPIO_Label=T_VCP_RX
PA3.Locked=true
PA3.Signal=USART2_RX
PC14-OSC32_IN.GPIOParameters=GPIO_Label
PC14-OSC32_IN.GPIO_Label=RCC_OSC32_IN
PC14-OSC32_IN.Locked=true
PC14-OSC32_IN.Signal=RCC_OSC32_IN
PC15-OSC32_OUT.GPIOParameters=GPIO_Label
PC15-OSC32_OUT.GPIO_Label=RCC_OSC32_OUT
PC15-OSC32_OUT.Locked=true
PC15-OSC32_OUT.Signal=RCC_OSC32_OUT
PC3.GPIOParameters=GPIO_Speed,GPIO_Label
PC3.GPIO_Label=FE_CTRL3
PC3.GPIO_Speed=GPIO_SPEED_FREQ_VERY_HIGH
PC3.Locked=true
PC3.Signal=GPIO_Output
PC4.GPIOParameters=GPIO_Speed,GPIO_Label
PC4.GPIO_Label=FE_CTRL1
PC4.GPIO_Speed=GPIO_SPEED_FREQ_VERY_HIGH
PC4.Locked=true
PC4.Signal=GPIO_Output
PC5.GPIOParameters=GPIO_Speed,GPIO_Label
PC5.GPIO_Label=FE_CTRL2
PC5.GPIO_Speed=GPIO_SPEED_FREQ_VERY_HIGH
PC5.Locked=true
PC5.Signal=GPIO_Output
PCC.SUBGHZ.FrequencyBand=High
PCC.SUBGHZ.Modulation=FSK
PCC.SUBGHZ.OptionalSettings=false
PCC.SUBGHZ.Output.Power=14
PCC.SUBGHZ.PowerAmplifier=Low Power
PCC.SUBGHZ.RxBoosted=false
PCC.SUBGHZ.SMPS=Off
PinOutPanel.CurrentBGAView=Top
PinOutPanel.RotationAngle=0
RCC.FamilyName=M
RCC.HCLK2Freq_Value=4000000
RCC.HSE_VALUE=32000000
RCC.HSI_VALUE=16000000
RCC.I2S2Freq_Value=16000000
RCC.IPParameters=FamilyName,HCLK2Freq_Value,HSE_VALUE,HSI_VALUE,I2S2Freq_Value,LSCOPinFreq_Value,LSE_VALUE,PLLPoutputFreq_Value,PLLQoutputFreq_Value,PLLRCLKFreq_Value,RNGFreq_Value,VCOInputFreq_Value,VCOOutputFreq_Value
RCC.LSCOPinFreq_Value=32000
RCC.LSE_VALUE=32768
RCC.PLLPoutputFreq_Value=16000000
RCC.PLLQoutputFreq_Value=16000000
RCC.PLLRCLKFreq_Value=16000000
RCC.RNGFreq_Value=32000
RCC.VCOInputFreq_Value=4000000
RCC.VCOOutputFreq_Value=32000000
VP_SYS_VS_Systick.Mode=SysTick
VP_SYS_VS_Systick.Signal=SYS_VS_Systick
board=NUCLEO-WL55JC1
boardIOC=true
